{
  "version": 4,
  "terraform_version": "1.3.0",
  "serial": 628,
  "lineage": "35e8af5d-65dc-2f81-73a4-76ca68dbdb2c",
  "outputs": {},
  "resources": [
    {
      "mode": "data",
      "type": "aws_iam_policy_document",
      "name": "frontend_deployment_bucket_access",
      "provider": "provider[\"registry.terraform.io/hashicorp/aws\"]",
      "instances": [
        {
          "schema_version": 0,
          "attributes": {
            "id": "675759082",
            "json": "{\n  \"Version\": \"2012-10-17\",\n  \"Statement\": [\n    {\n      \"Sid\": \"\",\n      \"Effect\": \"Allow\",\n      \"Action\": \"s3:GetObject\",\n      \"Resource\": \"arn:aws:s3:::klier-blog-frontend-deployment/test/*\",\n      \"Principal\": {\n        \"AWS\": \"arn:aws:iam::cloudfront:user/CloudFront Origin Access Identity EVRTIJP4RVT6Q\"\n      }\n    },\n    {\n      \"Sid\": \"\",\n      \"Effect\": \"Allow\",\n      \"Action\": \"s3:GetObject\",\n      \"Resource\": \"arn:aws:s3:::klier-blog-frontend-deployment/prod/*\",\n      \"Principal\": {\n        \"AWS\": \"arn:aws:iam::cloudfront:user/CloudFront Origin Access Identity EG4247S6M1WX6\"\n      }\n    }\n  ]\n}",
            "override_json": null,
            "override_policy_documents": null,
            "policy_id": null,
            "source_json": null,
            "source_policy_documents": null,
            "statement": [
              {
                "actions": [
                  "s3:GetObject"
                ],
                "condition": [],
                "effect": "Allow",
                "not_actions": [],
                "not_principals": [],
                "not_resources": [],
                "principals": [
                  {
                    "identifiers": [
                      "arn:aws:iam::cloudfront:user/CloudFront Origin Access Identity EVRTIJP4RVT6Q"
                    ],
                    "type": "AWS"
                  }
                ],
                "resources": [
                  "arn:aws:s3:::klier-blog-frontend-deployment/test/*"
                ],
                "sid": ""
              },
              {
                "actions": [
                  "s3:GetObject"
                ],
                "condition": [],
                "effect": "Allow",
                "not_actions": [],
                "not_principals": [],
                "not_resources": [],
                "principals": [
                  {
                    "identifiers": [
                      "arn:aws:iam::cloudfront:user/CloudFront Origin Access Identity EG4247S6M1WX6"
                    ],
                    "type": "AWS"
                  }
                ],
                "resources": [
                  "arn:aws:s3:::klier-blog-frontend-deployment/prod/*"
                ],
                "sid": ""
              }
            ],
            "version": "2012-10-17"
          },
          "sensitive_attributes": []
        }
      ]
    },
    {
      "mode": "managed",
      "type": "aws_s3_bucket",
      "name": "frontend_deployment",
      "provider": "provider[\"registry.terraform.io/hashicorp/aws\"]",
      "instances": [
        {
          "schema_version": 0,
          "attributes": {
            "acceleration_status": "",
            "acl": null,
            "arn": "arn:aws:s3:::klier-blog-frontend-deployment",
            "bucket": "klier-blog-frontend-deployment",
            "bucket_domain_name": "klier-blog-frontend-deployment.s3.amazonaws.com",
            "bucket_prefix": null,
            "bucket_regional_domain_name": "klier-blog-frontend-deployment.s3.eu-central-1.amazonaws.com",
            "cors_rule": [],
            "force_destroy": false,
            "grant": [
              {
                "id": "e914b7c6b3652b7e381f48efc4265ebe485042db8d5f5c01e8921ae235274e6e",
                "permissions": [
                  "FULL_CONTROL"
                ],
                "type": "CanonicalUser",
                "uri": ""
              }
            ],
            "hosted_zone_id": "Z21DNDUVLTQW6Q",
            "id": "klier-blog-frontend-deployment",
            "lifecycle_rule": [],
            "logging": [],
            "object_lock_configuration": [],
            "object_lock_enabled": false,
            "policy": "{\"Version\":\"2012-10-17\",\"Statement\":[{\"Sid\":\"\",\"Effect\":\"Allow\",\"Principal\":{\"AWS\":\"arn:aws:iam::cloudfront:user/CloudFront Origin Access Identity EVRTIJP4RVT6Q\"},\"Action\":\"s3:GetObject\",\"Resource\":\"arn:aws:s3:::klier-blog-frontend-deployment/test/*\"},{\"Sid\":\"\",\"Effect\":\"Allow\",\"Principal\":{\"AWS\":\"arn:aws:iam::cloudfront:user/CloudFront Origin Access Identity EG4247S6M1WX6\"},\"Action\":\"s3:GetObject\",\"Resource\":\"arn:aws:s3:::klier-blog-frontend-deployment/prod/*\"}]}",
            "region": "eu-central-1",
            "replication_configuration": [],
            "request_payer": "BucketOwner",
            "server_side_encryption_configuration": [],
            "tags": {},
            "tags_all": {
              "created_by": "Daniel Klier",
              "managed_by": "Terraform"
            },
            "timeouts": {
              "create": null,
              "delete": null,
              "read": null,
              "update": null
            },
            "versioning": [
              {
                "enabled": false,
                "mfa_delete": false
              }
            ],
            "website": [],
            "website_domain": null,
            "website_endpoint": null
          },
          "sensitive_attributes": [],
          "private": "eyJlMmJmYjczMC1lY2FhLTExZTYtOGY4OC0zNDM2M2JjN2M0YzAiOnsiY3JlYXRlIjoxMjAwMDAwMDAwMDAwLCJkZWxldGUiOjM2MDAwMDAwMDAwMDAsInJlYWQiOjEyMDAwMDAwMDAwMDAsInVwZGF0ZSI6MTIwMDAwMDAwMDAwMH19"
        }
      ]
    },
    {
      "mode": "managed",
      "type": "aws_s3_bucket_policy",
      "name": "frontend_deployment_bucket_access",
      "provider": "provider[\"registry.terraform.io/hashicorp/aws\"]",
      "instances": [
        {
          "schema_version": 0,
          "attributes": {
            "bucket": "klier-blog-frontend-deployment",
            "id": "klier-blog-frontend-deployment",
            "policy": "{\"Statement\":[{\"Action\":\"s3:GetObject\",\"Effect\":\"Allow\",\"Principal\":{\"AWS\":\"arn:aws:iam::cloudfront:user/CloudFront Origin Access Identity EVRTIJP4RVT6Q\"},\"Resource\":\"arn:aws:s3:::klier-blog-frontend-deployment/test/*\",\"Sid\":\"\"},{\"Action\":\"s3:GetObject\",\"Effect\":\"Allow\",\"Principal\":{\"AWS\":\"arn:aws:iam::cloudfront:user/CloudFront Origin Access Identity EG4247S6M1WX6\"},\"Resource\":\"arn:aws:s3:::klier-blog-frontend-deployment/prod/*\",\"Sid\":\"\"}],\"Version\":\"2012-10-17\"}"
          },
          "sensitive_attributes": [],
          "private": "bnVsbA==",
          "dependencies": [
            "aws_s3_bucket.frontend_deployment",
            "data.aws_iam_policy_document.frontend_deployment_bucket_access"
          ]
        }
      ]
    },
    {
      "mode": "managed",
      "type": "aws_s3_bucket_public_access_block",
      "name": "frontend_deployment",
      "provider": "provider[\"registry.terraform.io/hashicorp/aws\"]",
      "instances": [
        {
          "schema_version": 0,
          "attributes": {
            "block_public_acls": true,
            "block_public_policy": true,
            "bucket": "klier-blog-frontend-deployment",
            "id": "klier-blog-frontend-deployment",
            "ignore_public_acls": true,
            "restrict_public_buckets": true
          },
          "sensitive_attributes": [],
          "private": "eyJzY2hlbWFfdmVyc2lvbiI6IjAifQ==",
          "dependencies": [
            "aws_s3_bucket.frontend_deployment"
          ]
        }
      ]
    },
    {
      "module": "module.cicd",
      "mode": "data",
      "type": "aws_caller_identity",
      "name": "caller_identity",
      "provider": "provider[\"registry.terraform.io/hashicorp/aws\"]",
      "instances": [
        {
          "schema_version": 0,
          "attributes": {
            "account_id": "127737961225",
            "arn": "arn:aws:iam::127737961225:user/daniel.klier@mimacom.com",
            "id": "127737961225",
            "user_id": "AIDAR3POGTMEZOUHFITI7"
          },
          "sensitive_attributes": []
        }
      ]
    },
    {
      "module": "module.cicd",
      "mode": "data",
      "type": "aws_cloudfront_distribution",
      "name": "prod",
      "provider": "provider[\"registry.terraform.io/hashicorp/aws\"]",
      "instances": [
        {
          "schema_version": 0,
          "attributes": {
            "aliases": [],
            "arn": "arn:aws:cloudfront::127737961225:distribution/E285W4UGPOZA2W",
            "domain_name": "d3c250yl6vvcz3.cloudfront.net",
            "enabled": true,
            "etag": "E1H9GPHH50PNAA",
            "hosted_zone_id": "Z2FDTNDATAQYW2",
            "id": "E285W4UGPOZA2W",
            "in_progress_validation_batches": 0,
            "last_modified_time": "2022-10-14 08:28:42.428 +0000 UTC",
            "status": "Deployed",
            "tags": {
              "created_by": "Daniel Klier",
              "managed_by": "Terraform"
            }
          },
          "sensitive_attributes": []
        }
      ]
    },
    {
      "module": "module.cicd",
      "mode": "data",
      "type": "aws_cloudfront_distribution",
      "name": "test",
      "provider": "provider[\"registry.terraform.io/hashicorp/aws\"]",
      "instances": [
        {
          "schema_version": 0,
          "attributes": {
            "aliases": [],
            "arn": "arn:aws:cloudfront::127737961225:distribution/E2ELVMNW4AXDVO",
            "domain_name": "d1psfexi9w3knu.cloudfront.net",
            "enabled": true,
            "etag": "EJXT7L10L64KJ",
            "hosted_zone_id": "Z2FDTNDATAQYW2",
            "id": "E2ELVMNW4AXDVO",
            "in_progress_validation_batches": 0,
            "last_modified_time": "2022-10-14 08:28:42.3 +0000 UTC",
            "status": "Deployed",
            "tags": {
              "created_by": "Daniel Klier",
              "managed_by": "Terraform"
            }
          },
          "sensitive_attributes": []
        }
      ]
    },
    {
      "module": "module.cicd",
      "mode": "data",
      "type": "aws_iam_policy_document",
      "name": "build_service_assume_role_policy",
      "provider": "provider[\"registry.terraform.io/hashicorp/aws\"]",
      "instances": [
        {
          "schema_version": 0,
          "attributes": {
            "id": "442947395",
            "json": "{\n  \"Version\": \"2012-10-17\",\n  \"Statement\": [\n    {\n      \"Sid\": \"\",\n      \"Effect\": \"Allow\",\n      \"Action\": \"sts:AssumeRole\",\n      \"Principal\": {\n        \"Service\": \"codebuild.amazonaws.com\"\n      }\n    }\n  ]\n}",
            "override_json": null,
            "override_policy_documents": null,
            "policy_id": null,
            "source_json": null,
            "source_policy_documents": null,
            "statement": [
              {
                "actions": [
                  "sts:AssumeRole"
                ],
                "condition": [],
                "effect": "Allow",
                "not_actions": [],
                "not_principals": [],
                "not_resources": [],
                "principals": [
                  {
                    "identifiers": [
                      "codebuild.amazonaws.com"
                    ],
                    "type": "Service"
                  }
                ],
                "resources": [],
                "sid": ""
              }
            ],
            "version": "2012-10-17"
          },
          "sensitive_attributes": []
        }
      ]
    },
    {
      "module": "module.cicd",
      "mode": "data",
      "type": "aws_iam_policy_document",
      "name": "codebuild_build_role_policy",
      "provider": "provider[\"registry.terraform.io/hashicorp/aws\"]",
      "instances": [
        {
          "schema_version": 0,
          "attributes": {
            "id": "207930819",
            "json": "{\n  \"Version\": \"2012-10-17\",\n  \"Statement\": [\n    {\n      \"Sid\": \"\",\n      \"Effect\": \"Allow\",\n      \"Action\": [\n        \"logs:PutLogEvents\",\n        \"logs:CreateLogStream\",\n        \"logs:CreateLogGroup\"\n      ],\n      \"Resource\": \"*\"\n    },\n    {\n      \"Sid\": \"\",\n      \"Effect\": \"Allow\",\n      \"Action\": [\n        \"s3:PutObject\",\n        \"s3:ListObjects\",\n        \"s3:ListBucket\",\n        \"s3:GetObject\"\n      ],\n      \"Resource\": [\n        \"arn:aws:s3:::klier-blog-pipeline-artifacts/*\",\n        \"arn:aws:s3:::klier-blog-pipeline-artifacts\"\n      ]\n    },\n    {\n      \"Sid\": \"\",\n      \"Effect\": \"Allow\",\n      \"Action\": \"codestar-connections:UseConnection\",\n      \"Resource\": \"arn:aws:codestar-connections:eu-central-1:127737961225:connection/f067656c-a8da-4f07-a589-1ad474c4b9ea\"\n    }\n  ]\n}",
            "override_json": null,
            "override_policy_documents": null,
            "policy_id": null,
            "source_json": null,
            "source_policy_documents": null,
            "statement": [
              {
                "actions": [
                  "logs:CreateLogGroup",
                  "logs:CreateLogStream",
                  "logs:PutLogEvents"
                ],
                "condition": [],
                "effect": "Allow",
                "not_actions": [],
                "not_principals": [],
                "not_resources": [],
                "principals": [],
                "resources": [
                  "*"
                ],
                "sid": ""
              },
              {
                "actions": [
                  "s3:GetObject",
                  "s3:ListBucket",
                  "s3:ListObjects",
                  "s3:PutObject"
                ],
                "condition": [],
                "effect": "Allow",
                "not_actions": [],
                "not_principals": [],
                "not_resources": [],
                "principals": [],
                "resources": [
                  "arn:aws:s3:::klier-blog-pipeline-artifacts",
                  "arn:aws:s3:::klier-blog-pipeline-artifacts/*"
                ],
                "sid": ""
              },
              {
                "actions": [
                  "codestar-connections:UseConnection"
                ],
                "condition": [],
                "effect": "Allow",
                "not_actions": [],
                "not_principals": [],
                "not_resources": [],
                "principals": [],
                "resources": [
                  "arn:aws:codestar-connections:eu-central-1:127737961225:connection/f067656c-a8da-4f07-a589-1ad474c4b9ea"
                ],
                "sid": ""
              }
            ],
            "version": "2012-10-17"
          },
          "sensitive_attributes": []
        }
      ]
    },
    {
      "module": "module.cicd",
      "mode": "data",
      "type": "aws_iam_policy_document",
      "name": "codebuild_deploy_prod_role_policy",
      "provider": "provider[\"registry.terraform.io/hashicorp/aws\"]",
      "instances": [
        {
          "schema_version": 0,
          "attributes": {
            "id": "819921388",
            "json": "{\n  \"Version\": \"2012-10-17\",\n  \"Statement\": [\n    {\n      \"Sid\": \"\",\n      \"Effect\": \"Allow\",\n      \"Action\": [\n        \"logs:PutLogEvents\",\n        \"logs:CreateLogStream\",\n        \"logs:CreateLogGroup\"\n      ],\n      \"Resource\": \"*\"\n    },\n    {\n      \"Sid\": \"\",\n      \"Effect\": \"Allow\",\n      \"Action\": [\n        \"s3:ListObjects\",\n        \"s3:ListBucket\",\n        \"s3:GetObject\"\n      ],\n      \"Resource\": [\n        \"arn:aws:s3:::klier-blog-pipeline-artifacts/*\",\n        \"arn:aws:s3:::klier-blog-pipeline-artifacts\"\n      ]\n    },\n    {\n      \"Sid\": \"\",\n      \"Effect\": \"Allow\",\n      \"Action\": [\n        \"s3:PutObject\",\n        \"s3:ListBucket\",\n        \"s3:GetObject\",\n        \"s3:GetBucketLocation\",\n        \"s3:DeleteObject\"\n      ],\n      \"Resource\": \"arn:aws:s3:::klier-blog-frontend-deployment/prod/*\"\n    },\n    {\n      \"Sid\": \"\",\n      \"Effect\": \"Allow\",\n      \"Action\": \"cloudfront:CreateInvalidation\",\n      \"Resource\": \"arn:aws:cloudfront::127737961225:distribution/E285W4UGPOZA2W\"\n    }\n  ]\n}",
            "override_json": null,
            "override_policy_documents": null,
            "policy_id": null,
            "source_json": null,
            "source_policy_documents": null,
            "statement": [
              {
                "actions": [
                  "logs:CreateLogGroup",
                  "logs:CreateLogStream",
                  "logs:PutLogEvents"
                ],
                "condition": [],
                "effect": "Allow",
                "not_actions": [],
                "not_principals": [],
                "not_resources": [],
                "principals": [],
                "resources": [
                  "*"
                ],
                "sid": ""
              },
              {
                "actions": [
                  "s3:GetObject",
                  "s3:ListBucket",
                  "s3:ListObjects"
                ],
                "condition": [],
                "effect": "Allow",
                "not_actions": [],
                "not_principals": [],
                "not_resources": [],
                "principals": [],
                "resources": [
                  "arn:aws:s3:::klier-blog-pipeline-artifacts",
                  "arn:aws:s3:::klier-blog-pipeline-artifacts/*"
                ],
                "sid": ""
              },
              {
                "actions": [
                  "s3:DeleteObject",
                  "s3:GetBucketLocation",
                  "s3:GetObject",
                  "s3:ListBucket",
                  "s3:PutObject"
                ],
                "condition": [],
                "effect": "Allow",
                "not_actions": [],
                "not_principals": [],
                "not_resources": [],
                "principals": [],
                "resources": [
                  "arn:aws:s3:::klier-blog-frontend-deployment/prod/*"
                ],
                "sid": ""
              },
              {
                "actions": [
                  "cloudfront:CreateInvalidation"
                ],
                "condition": [],
                "effect": "Allow",
                "not_actions": [],
                "not_principals": [],
                "not_resources": [],
                "principals": [],
                "resources": [
                  "arn:aws:cloudfront::127737961225:distribution/E285W4UGPOZA2W"
                ],
                "sid": ""
              }
            ],
            "version": "2012-10-17"
          },
          "sensitive_attributes": []
        }
      ]
    },
    {
      "module": "module.cicd",
      "mode": "data",
      "type": "aws_iam_policy_document",
      "name": "codebuild_deploy_test_role_policy",
      "provider": "provider[\"registry.terraform.io/hashicorp/aws\"]",
      "instances": [
        {
          "schema_version": 0,
          "attributes": {
            "id": "148050853",
            "json": "{\n  \"Version\": \"2012-10-17\",\n  \"Statement\": [\n    {\n      \"Sid\": \"\",\n      \"Effect\": \"Allow\",\n      \"Action\": [\n        \"logs:PutLogEvents\",\n        \"logs:CreateLogStream\",\n        \"logs:CreateLogGroup\"\n      ],\n      \"Resource\": \"*\"\n    },\n    {\n      \"Sid\": \"\",\n      \"Effect\": \"Allow\",\n      \"Action\": [\n        \"s3:ListObjects\",\n        \"s3:ListBucket\",\n        \"s3:GetObject\"\n      ],\n      \"Resource\": [\n        \"arn:aws:s3:::klier-blog-pipeline-artifacts/*\",\n        \"arn:aws:s3:::klier-blog-pipeline-artifacts\"\n      ]\n    },\n    {\n      \"Sid\": \"\",\n      \"Effect\": \"Allow\",\n      \"Action\": [\n        \"s3:PutObject\",\n        \"s3:ListBucket\",\n        \"s3:GetObject\",\n        \"s3:GetBucketLocation\",\n        \"s3:DeleteObject\"\n      ],\n      \"Resource\": \"arn:aws:s3:::klier-blog-frontend-deployment/test/*\"\n    },\n    {\n      \"Sid\": \"\",\n      \"Effect\": \"Allow\",\n      \"Action\": \"cloudfront:CreateInvalidation\",\n      \"Resource\": \"arn:aws:cloudfront::127737961225:distribution/E2ELVMNW4AXDVO\"\n    }\n  ]\n}",
            "override_json": null,
            "override_policy_documents": null,
            "policy_id": null,
            "source_json": null,
            "source_policy_documents": null,
            "statement": [
              {
                "actions": [
                  "logs:CreateLogGroup",
                  "logs:CreateLogStream",
                  "logs:PutLogEvents"
                ],
                "condition": [],
                "effect": "Allow",
                "not_actions": [],
                "not_principals": [],
                "not_resources": [],
                "principals": [],
                "resources": [
                  "*"
                ],
                "sid": ""
              },
              {
                "actions": [
                  "s3:GetObject",
                  "s3:ListBucket",
                  "s3:ListObjects"
                ],
                "condition": [],
                "effect": "Allow",
                "not_actions": [],
                "not_principals": [],
                "not_resources": [],
                "principals": [],
                "resources": [
                  "arn:aws:s3:::klier-blog-pipeline-artifacts",
                  "arn:aws:s3:::klier-blog-pipeline-artifacts/*"
                ],
                "sid": ""
              },
              {
                "actions": [
                  "s3:DeleteObject",
                  "s3:GetBucketLocation",
                  "s3:GetObject",
                  "s3:ListBucket",
                  "s3:PutObject"
                ],
                "condition": [],
                "effect": "Allow",
                "not_actions": [],
                "not_principals": [],
                "not_resources": [],
                "principals": [],
                "resources": [
                  "arn:aws:s3:::klier-blog-frontend-deployment/test/*"
                ],
                "sid": ""
              },
              {
                "actions": [
                  "cloudfront:CreateInvalidation"
                ],
                "condition": [],
                "effect": "Allow",
                "not_actions": [],
                "not_principals": [],
                "not_resources": [],
                "principals": [],
                "resources": [
                  "arn:aws:cloudfront::127737961225:distribution/E2ELVMNW4AXDVO"
                ],
                "sid": ""
              }
            ],
            "version": "2012-10-17"
          },
          "sensitive_attributes": []
        }
      ]
    },
    {
      "module": "module.cicd",
      "mode": "data",
      "type": "aws_iam_policy_document",
      "name": "codebuild_lint_role_policy",
      "provider": "provider[\"registry.terraform.io/hashicorp/aws\"]",
      "instances": [
        {
          "schema_version": 0,
          "attributes": {
            "id": "2501766702",
            "json": "{\n  \"Version\": \"2012-10-17\",\n  \"Statement\": [\n    {\n      \"Sid\": \"\",\n      \"Effect\": \"Allow\",\n      \"Action\": [\n        \"logs:PutLogEvents\",\n        \"logs:CreateLogStream\",\n        \"logs:CreateLogGroup\"\n      ],\n      \"Resource\": \"*\"\n    },\n    {\n      \"Sid\": \"\",\n      \"Effect\": \"Allow\",\n      \"Action\": [\n        \"s3:ListObjects\",\n        \"s3:ListBucket\",\n        \"s3:GetObject\"\n      ],\n      \"Resource\": [\n        \"arn:aws:s3:::klier-blog-pipeline-artifacts/*\",\n        \"arn:aws:s3:::klier-blog-pipeline-artifacts\"\n      ]\n    },\n    {\n      \"Sid\": \"\",\n      \"Effect\": \"Allow\",\n      \"Action\": \"codestar-connections:UseConnection\",\n      \"Resource\": \"arn:aws:codestar-connections:eu-central-1:127737961225:connection/f067656c-a8da-4f07-a589-1ad474c4b9ea\"\n    }\n  ]\n}",
            "override_json": null,
            "override_policy_documents": null,
            "policy_id": null,
            "source_json": null,
            "source_policy_documents": null,
            "statement": [
              {
                "actions": [
                  "logs:CreateLogGroup",
                  "logs:CreateLogStream",
                  "logs:PutLogEvents"
                ],
                "condition": [],
                "effect": "Allow",
                "not_actions": [],
                "not_principals": [],
                "not_resources": [],
                "principals": [],
                "resources": [
                  "*"
                ],
                "sid": ""
              },
              {
                "actions": [
                  "s3:GetObject",
                  "s3:ListBucket",
                  "s3:ListObjects"
                ],
                "condition": [],
                "effect": "Allow",
                "not_actions": [],
                "not_principals": [],
                "not_resources": [],
                "principals": [],
                "resources": [
                  "arn:aws:s3:::klier-blog-pipeline-artifacts",
                  "arn:aws:s3:::klier-blog-pipeline-artifacts/*"
                ],
                "sid": ""
              },
              {
                "actions": [
                  "codestar-connections:UseConnection"
                ],
                "condition": [],
                "effect": "Allow",
                "not_actions": [],
                "not_principals": [],
                "not_resources": [],
                "principals": [],
                "resources": [
                  "arn:aws:codestar-connections:eu-central-1:127737961225:connection/f067656c-a8da-4f07-a589-1ad474c4b9ea"
                ],
                "sid": ""
              }
            ],
            "version": "2012-10-17"
          },
          "sensitive_attributes": []
        }
      ]
    },
    {
      "module": "module.cicd",
      "mode": "data",
      "type": "aws_iam_policy_document",
      "name": "codebuild_unit_test_role_policy",
      "provider": "provider[\"registry.terraform.io/hashicorp/aws\"]",
      "instances": [
        {
          "schema_version": 0,
          "attributes": {
            "id": "2419713988",
            "json": "{\n  \"Version\": \"2012-10-17\",\n  \"Statement\": [\n    {\n      \"Sid\": \"\",\n      \"Effect\": \"Allow\",\n      \"Action\": [\n        \"logs:PutLogEvents\",\n        \"logs:CreateLogStream\",\n        \"logs:CreateLogGroup\"\n      ],\n      \"Resource\": \"*\"\n    },\n    {\n      \"Sid\": \"\",\n      \"Effect\": \"Allow\",\n      \"Action\": [\n        \"s3:PutObject\",\n        \"s3:ListObjects\",\n        \"s3:ListBucket\",\n        \"s3:GetObject\"\n      ],\n      \"Resource\": [\n        \"arn:aws:s3:::klier-blog-pipeline-artifacts/*\",\n        \"arn:aws:s3:::klier-blog-pipeline-artifacts\"\n      ]\n    },\n    {\n      \"Sid\": \"\",\n      \"Effect\": \"Allow\",\n      \"Action\": \"codestar-connections:UseConnection\",\n      \"Resource\": \"arn:aws:codestar-connections:eu-central-1:127737961225:connection/f067656c-a8da-4f07-a589-1ad474c4b9ea\"\n    },\n    {\n      \"Sid\": \"\",\n      \"Effect\": \"Allow\",\n      \"Action\": \"codebuild:CreateReportGroup\",\n      \"Resource\": \"arn:aws:codebuild:eu-central-1:127737961225:report-group/klier-blog-pipeline-unit-test-coverage\"\n    }\n  ]\n}",
            "override_json": null,
            "override_policy_documents": null,
            "policy_id": null,
            "source_json": null,
            "source_policy_documents": null,
            "statement": [
              {
                "actions": [
                  "logs:CreateLogGroup",
                  "logs:CreateLogStream",
                  "logs:PutLogEvents"
                ],
                "condition": [],
                "effect": "Allow",
                "not_actions": [],
                "not_principals": [],
                "not_resources": [],
                "principals": [],
                "resources": [
                  "*"
                ],
                "sid": ""
              },
              {
                "actions": [
                  "s3:GetObject",
                  "s3:ListBucket",
                  "s3:ListObjects",
                  "s3:PutObject"
                ],
                "condition": [],
                "effect": "Allow",
                "not_actions": [],
                "not_principals": [],
                "not_resources": [],
                "principals": [],
                "resources": [
                  "arn:aws:s3:::klier-blog-pipeline-artifacts",
                  "arn:aws:s3:::klier-blog-pipeline-artifacts/*"
                ],
                "sid": ""
              },
              {
                "actions": [
                  "codestar-connections:UseConnection"
                ],
                "condition": [],
                "effect": "Allow",
                "not_actions": [],
                "not_principals": [],
                "not_resources": [],
                "principals": [],
                "resources": [
                  "arn:aws:codestar-connections:eu-central-1:127737961225:connection/f067656c-a8da-4f07-a589-1ad474c4b9ea"
                ],
                "sid": ""
              },
              {
                "actions": [
                  "codebuild:CreateReportGroup"
                ],
                "condition": [],
                "effect": "Allow",
                "not_actions": [],
                "not_principals": [],
                "not_resources": [],
                "principals": [],
                "resources": [
                  "arn:aws:codebuild:eu-central-1:127737961225:report-group/klier-blog-pipeline-unit-test-coverage"
                ],
                "sid": ""
              }
            ],
            "version": "2012-10-17"
          },
          "sensitive_attributes": []
        }
      ]
    },
    {
      "module": "module.cicd",
      "mode": "data",
      "type": "aws_iam_policy_document",
      "name": "codepipeline_policy",
      "provider": "provider[\"registry.terraform.io/hashicorp/aws\"]",
      "instances": [
        {
          "schema_version": 0,
          "attributes": {
            "id": "382154967",
            "json": "{\n  \"Version\": \"2012-10-17\",\n  \"Statement\": [\n    {\n      \"Sid\": \"\",\n      \"Effect\": \"Allow\",\n      \"Action\": \"sts:AssumeRole\",\n      \"Principal\": {\n        \"Service\": \"codepipeline.amazonaws.com\"\n      }\n    }\n  ]\n}",
            "override_json": null,
            "override_policy_documents": null,
            "policy_id": null,
            "source_json": null,
            "source_policy_documents": null,
            "statement": [
              {
                "actions": [
                  "sts:AssumeRole"
                ],
                "condition": [],
                "effect": "Allow",
                "not_actions": [],
                "not_principals": [],
                "not_resources": [],
                "principals": [
                  {
                    "identifiers": [
                      "codepipeline.amazonaws.com"
                    ],
                    "type": "Service"
                  }
                ],
                "resources": [],
                "sid": ""
              }
            ],
            "version": "2012-10-17"
          },
          "sensitive_attributes": []
        }
      ]
    },
    {
      "module": "module.cicd",
      "mode": "data",
      "type": "aws_iam_policy_document",
      "name": "deploy_prod_service_assume_role_policy",
      "provider": "provider[\"registry.terraform.io/hashicorp/aws\"]",
      "instances": [
        {
          "schema_version": 0,
          "attributes": {
            "id": "442947395",
            "json": "{\n  \"Version\": \"2012-10-17\",\n  \"Statement\": [\n    {\n      \"Sid\": \"\",\n      \"Effect\": \"Allow\",\n      \"Action\": \"sts:AssumeRole\",\n      \"Principal\": {\n        \"Service\": \"codebuild.amazonaws.com\"\n      }\n    }\n  ]\n}",
            "override_json": null,
            "override_policy_documents": null,
            "policy_id": null,
            "source_json": null,
            "source_policy_documents": null,
            "statement": [
              {
                "actions": [
                  "sts:AssumeRole"
                ],
                "condition": [],
                "effect": "Allow",
                "not_actions": [],
                "not_principals": [],
                "not_resources": [],
                "principals": [
                  {
                    "identifiers": [
                      "codebuild.amazonaws.com"
                    ],
                    "type": "Service"
                  }
                ],
                "resources": [],
                "sid": ""
              }
            ],
            "version": "2012-10-17"
          },
          "sensitive_attributes": []
        }
      ]
    },
    {
      "module": "module.cicd",
      "mode": "data",
      "type": "aws_iam_policy_document",
      "name": "deploy_test_service_assume_role_policy",
      "provider": "provider[\"registry.terraform.io/hashicorp/aws\"]",
      "instances": [
        {
          "schema_version": 0,
          "attributes": {
            "id": "442947395",
            "json": "{\n  \"Version\": \"2012-10-17\",\n  \"Statement\": [\n    {\n      \"Sid\": \"\",\n      \"Effect\": \"Allow\",\n      \"Action\": \"sts:AssumeRole\",\n      \"Principal\": {\n        \"Service\": \"codebuild.amazonaws.com\"\n      }\n    }\n  ]\n}",
            "override_json": null,
            "override_policy_documents": null,
            "policy_id": null,
            "source_json": null,
            "source_policy_documents": null,
            "statement": [
              {
                "actions": [
                  "sts:AssumeRole"
                ],
                "condition": [],
                "effect": "Allow",
                "not_actions": [],
                "not_principals": [],
                "not_resources": [],
                "principals": [
                  {
                    "identifiers": [
                      "codebuild.amazonaws.com"
                    ],
                    "type": "Service"
                  }
                ],
                "resources": [],
                "sid": ""
              }
            ],
            "version": "2012-10-17"
          },
          "sensitive_attributes": []
        }
      ]
    },
    {
      "module": "module.cicd",
      "mode": "data",
      "type": "aws_iam_policy_document",
      "name": "lint_service_assume_role_policy",
      "provider": "provider[\"registry.terraform.io/hashicorp/aws\"]",
      "instances": [
        {
          "schema_version": 0,
          "attributes": {
            "id": "442947395",
            "json": "{\n  \"Version\": \"2012-10-17\",\n  \"Statement\": [\n    {\n      \"Sid\": \"\",\n      \"Effect\": \"Allow\",\n      \"Action\": \"sts:AssumeRole\",\n      \"Principal\": {\n        \"Service\": \"codebuild.amazonaws.com\"\n      }\n    }\n  ]\n}",
            "override_json": null,
            "override_policy_documents": null,
            "policy_id": null,
            "source_json": null,
            "source_policy_documents": null,
            "statement": [
              {
                "actions": [
                  "sts:AssumeRole"
                ],
                "condition": [],
                "effect": "Allow",
                "not_actions": [],
                "not_principals": [],
                "not_resources": [],
                "principals": [
                  {
                    "identifiers": [
                      "codebuild.amazonaws.com"
                    ],
                    "type": "Service"
                  }
                ],
                "resources": [],
                "sid": ""
              }
            ],
            "version": "2012-10-17"
          },
          "sensitive_attributes": []
        }
      ]
    },
    {
      "module": "module.cicd",
      "mode": "data",
      "type": "aws_iam_policy_document",
      "name": "pipeline",
      "provider": "provider[\"registry.terraform.io/hashicorp/aws\"]",
      "instances": [
        {
          "schema_version": 0,
          "attributes": {
            "id": "3349555044",
            "json": "{\n  \"Version\": \"2012-10-17\",\n  \"Statement\": [\n    {\n      \"Sid\": \"\",\n      \"Effect\": \"Allow\",\n      \"Action\": \"codestar-connections:UseConnection\",\n      \"Resource\": \"arn:aws:codestar-connections:eu-central-1:127737961225:connection/f067656c-a8da-4f07-a589-1ad474c4b9ea\"\n    },\n    {\n      \"Sid\": \"\",\n      \"Effect\": \"Allow\",\n      \"Action\": [\n        \"codebuild:StartBuild\",\n        \"codebuild:BatchGetBuilds\"\n      ],\n      \"Resource\": [\n        \"arn:aws:codebuild:eu-central-1:127737961225:project/klier-blog-pipeline-unit-test\",\n        \"arn:aws:codebuild:eu-central-1:127737961225:project/klier-blog-pipeline-lint\",\n        \"arn:aws:codebuild:eu-central-1:127737961225:project/klier-blog-pipeline-deploy-test\",\n        \"arn:aws:codebuild:eu-central-1:127737961225:project/klier-blog-pipeline-deploy-prod\",\n        \"arn:aws:codebuild:eu-central-1:127737961225:project/klier-blog-pipeline-build\"\n      ]\n    },\n    {\n      \"Sid\": \"\",\n      \"Effect\": \"Allow\",\n      \"Action\": \"s3:*\",\n      \"Resource\": [\n        \"arn:aws:s3:::klier-blog-pipeline-artifacts/*\",\n        \"arn:aws:s3:::klier-blog-pipeline-artifacts\"\n      ]\n    }\n  ]\n}",
            "override_json": null,
            "override_policy_documents": null,
            "policy_id": null,
            "source_json": null,
            "source_policy_documents": null,
            "statement": [
              {
                "actions": [
                  "codestar-connections:UseConnection"
                ],
                "condition": [],
                "effect": "Allow",
                "not_actions": [],
                "not_principals": [],
                "not_resources": [],
                "principals": [],
                "resources": [
                  "arn:aws:codestar-connections:eu-central-1:127737961225:connection/f067656c-a8da-4f07-a589-1ad474c4b9ea"
                ],
                "sid": ""
              },
              {
                "actions": [
                  "codebuild:BatchGetBuilds",
                  "codebuild:StartBuild"
                ],
                "condition": [],
                "effect": "Allow",
                "not_actions": [],
                "not_principals": [],
                "not_resources": [],
                "principals": [],
                "resources": [
                  "arn:aws:codebuild:eu-central-1:127737961225:project/klier-blog-pipeline-build",
                  "arn:aws:codebuild:eu-central-1:127737961225:project/klier-blog-pipeline-deploy-prod",
                  "arn:aws:codebuild:eu-central-1:127737961225:project/klier-blog-pipeline-deploy-test",
                  "arn:aws:codebuild:eu-central-1:127737961225:project/klier-blog-pipeline-lint",
                  "arn:aws:codebuild:eu-central-1:127737961225:project/klier-blog-pipeline-unit-test"
                ],
                "sid": ""
              },
              {
                "actions": [
                  "s3:*"
                ],
                "condition": [],
                "effect": "Allow",
                "not_actions": [],
                "not_principals": [],
                "not_resources": [],
                "principals": [],
                "resources": [
                  "arn:aws:s3:::klier-blog-pipeline-artifacts",
                  "arn:aws:s3:::klier-blog-pipeline-artifacts/*"
                ],
                "sid": ""
              }
            ],
            "version": "2012-10-17"
          },
          "sensitive_attributes": []
        }
      ]
    },
    {
      "module": "module.cicd",
      "mode": "data",
      "type": "aws_iam_policy_document",
      "name": "unit_test_service_assume_role_policy",
      "provider": "provider[\"registry.terraform.io/hashicorp/aws\"]",
      "instances": [
        {
          "schema_version": 0,
          "attributes": {
            "id": "442947395",
            "json": "{\n  \"Version\": \"2012-10-17\",\n  \"Statement\": [\n    {\n      \"Sid\": \"\",\n      \"Effect\": \"Allow\",\n      \"Action\": \"sts:AssumeRole\",\n      \"Principal\": {\n        \"Service\": \"codebuild.amazonaws.com\"\n      }\n    }\n  ]\n}",
            "override_json": null,
            "override_policy_documents": null,
            "policy_id": null,
            "source_json": null,
            "source_policy_documents": null,
            "statement": [
              {
                "actions": [
                  "sts:AssumeRole"
                ],
                "condition": [],
                "effect": "Allow",
                "not_actions": [],
                "not_principals": [],
                "not_resources": [],
                "principals": [
                  {
                    "identifiers": [
                      "codebuild.amazonaws.com"
                    ],
                    "type": "Service"
                  }
                ],
                "resources": [],
                "sid": ""
              }
            ],
            "version": "2012-10-17"
          },
          "sensitive_attributes": []
        }
      ]
    },
    {
      "module": "module.cicd",
      "mode": "data",
      "type": "aws_s3_bucket",
      "name": "deploy_bucket",
      "provider": "provider[\"registry.terraform.io/hashicorp/aws\"]",
      "instances": [
        {
          "schema_version": 0,
          "attributes": {
            "arn": "arn:aws:s3:::klier-blog-frontend-deployment",
            "bucket": "klier-blog-frontend-deployment",
            "bucket_domain_name": "klier-blog-frontend-deployment.s3.amazonaws.com",
            "bucket_regional_domain_name": "klier-blog-frontend-deployment.s3.eu-central-1.amazonaws.com",
            "hosted_zone_id": "Z21DNDUVLTQW6Q",
            "id": "klier-blog-frontend-deployment",
            "region": "eu-central-1",
            "website_domain": null,
            "website_endpoint": null
          },
          "sensitive_attributes": []
        }
      ]
    },
    {
      "module": "module.cicd",
      "mode": "managed",
      "type": "aws_codebuild_project",
      "name": "build",
      "provider": "provider[\"registry.terraform.io/hashicorp/aws\"]",
      "instances": [
        {
          "schema_version": 0,
          "attributes": {
            "arn": "arn:aws:codebuild:eu-central-1:127737961225:project/klier-blog-pipeline-build",
            "artifacts": [
              {
                "artifact_identifier": "",
                "bucket_owner_access": "",
                "encryption_disabled": false,
                "location": "",
                "name": "klier-blog-pipeline-build",
                "namespace_type": "",
                "override_artifact_name": false,
                "packaging": "NONE",
                "path": "",
                "type": "CODEPIPELINE"
              }
            ],
            "badge_enabled": false,
            "badge_url": "",
            "build_batch_config": [],
            "build_timeout": 60,
            "cache": [
              {
                "location": "",
                "modes": [],
                "type": "NO_CACHE"
              }
            ],
            "concurrent_build_limit": 0,
            "description": "",
            "encryption_key": "arn:aws:kms:eu-central-1:127737961225:alias/aws/s3",
            "environment": [
              {
                "certificate": "",
                "compute_type": "BUILD_GENERAL1_SMALL",
                "environment_variable": [],
                "image": "aws/codebuild/standard:6.0",
                "image_pull_credentials_type": "CODEBUILD",
                "privileged_mode": false,
                "registry_credential": [],
                "type": "LINUX_CONTAINER"
              }
            ],
            "file_system_locations": [],
            "id": "arn:aws:codebuild:eu-central-1:127737961225:project/klier-blog-pipeline-build",
            "logs_config": [
              {
                "cloudwatch_logs": [
                  {
                    "group_name": "",
                    "status": "ENABLED",
                    "stream_name": ""
                  }
                ],
                "s3_logs": [
                  {
                    "bucket_owner_access": "",
                    "encryption_disabled": false,
                    "location": "",
                    "status": "DISABLED"
                  }
                ]
              }
            ],
            "name": "klier-blog-pipeline-build",
            "project_visibility": "PRIVATE",
            "public_project_alias": "",
            "queued_timeout": 480,
            "resource_access_role": "",
            "secondary_artifacts": [],
            "secondary_source_version": [],
            "secondary_sources": [],
            "service_role": "arn:aws:iam::127737961225:role/klier-blog-pipeline-build",
            "source": [
              {
                "auth": [],
                "build_status_config": [],
                "buildspec": "buildspec/build.yml",
                "git_clone_depth": 0,
                "git_submodules_config": [],
                "insecure_ssl": false,
                "location": "",
                "report_build_status": false,
                "type": "CODEPIPELINE"
              }
            ],
            "source_version": "",
            "tags": {},
            "tags_all": {
              "created_by": "Daniel Klier",
              "managed_by": "Terraform"
            },
            "vpc_config": []
          },
          "sensitive_attributes": [],
          "private": "bnVsbA==",
          "dependencies": [
            "module.cicd.aws_iam_role.build_service_role",
            "module.cicd.data.aws_iam_policy_document.build_service_assume_role_policy"
          ]
        }
      ]
    },
    {
      "module": "module.cicd",
      "mode": "managed",
      "type": "aws_codebuild_project",
      "name": "deploy_prod",
      "provider": "provider[\"registry.terraform.io/hashicorp/aws\"]",
      "instances": [
        {
          "schema_version": 0,
          "attributes": {
            "arn": "arn:aws:codebuild:eu-central-1:127737961225:project/klier-blog-pipeline-deploy-prod",
            "artifacts": [
              {
                "artifact_identifier": "",
                "bucket_owner_access": "",
                "encryption_disabled": false,
                "location": "",
                "name": "klier-blog-pipeline-deploy-prod",
                "namespace_type": "",
                "override_artifact_name": false,
                "packaging": "NONE",
                "path": "",
                "type": "CODEPIPELINE"
              }
            ],
            "badge_enabled": false,
            "badge_url": "",
            "build_batch_config": [],
            "build_timeout": 60,
            "cache": [
              {
                "location": "",
                "modes": [],
                "type": "NO_CACHE"
              }
            ],
            "concurrent_build_limit": 0,
            "description": "",
            "encryption_key": "arn:aws:kms:eu-central-1:127737961225:alias/aws/s3",
            "environment": [
              {
                "certificate": "",
                "compute_type": "BUILD_GENERAL1_SMALL",
                "environment_variable": [
                  {
                    "name": "BUCKET",
                    "type": "PLAINTEXT",
                    "value": "klier-blog-frontend-deployment"
                  },
                  {
                    "name": "DISTRIBUTION_ID",
                    "type": "PLAINTEXT",
                    "value": "E285W4UGPOZA2W"
                  },
                  {
                    "name": "BUCKET_PREFIX",
                    "type": "PLAINTEXT",
                    "value": "prod"
                  }
                ],
                "image": "aws/codebuild/standard:6.0",
                "image_pull_credentials_type": "CODEBUILD",
                "privileged_mode": false,
                "registry_credential": [],
                "type": "LINUX_CONTAINER"
              }
            ],
            "file_system_locations": [],
            "id": "arn:aws:codebuild:eu-central-1:127737961225:project/klier-blog-pipeline-deploy-prod",
            "logs_config": [
              {
                "cloudwatch_logs": [
                  {
                    "group_name": "",
                    "status": "ENABLED",
                    "stream_name": ""
                  }
                ],
                "s3_logs": [
                  {
                    "bucket_owner_access": "",
                    "encryption_disabled": false,
                    "location": "",
                    "status": "DISABLED"
                  }
                ]
              }
            ],
            "name": "klier-blog-pipeline-deploy-prod",
            "project_visibility": "PRIVATE",
            "public_project_alias": "",
            "queued_timeout": 480,
            "resource_access_role": "",
            "secondary_artifacts": [],
            "secondary_source_version": [],
            "secondary_sources": [],
            "service_role": "arn:aws:iam::127737961225:role/klier-blog-pipeline-deploy-prod",
            "source": [
              {
                "auth": [],
                "build_status_config": [],
                "buildspec": "buildspec/deploy.yml",
                "git_clone_depth": 0,
                "git_submodules_config": [],
                "insecure_ssl": false,
                "location": "",
                "report_build_status": false,
                "type": "CODEPIPELINE"
              }
            ],
            "source_version": "",
            "tags": {},
            "tags_all": {
              "created_by": "Daniel Klier",
              "managed_by": "Terraform"
            },
            "vpc_config": []
          },
          "sensitive_attributes": [],
          "private": "bnVsbA==",
          "dependencies": [
            "module.cicd.aws_iam_role.deploy_prod_service_role",
            "module.cicd.data.aws_iam_policy_document.deploy_prod_service_assume_role_policy",
            "module.cicd.data.aws_s3_bucket.deploy_bucket",
            "module.cloudfront_prod.aws_cloudfront_distribution.frontend",
            "module.cloudfront_prod.aws_cloudfront_origin_access_identity.frontend",
            "module.cloudfront_prod.data.aws_s3_bucket.origin_bucket"
          ]
        }
      ]
    },
    {
      "module": "module.cicd",
      "mode": "managed",
      "type": "aws_codebuild_project",
      "name": "deploy_test",
      "provider": "provider[\"registry.terraform.io/hashicorp/aws\"]",
      "instances": [
        {
          "schema_version": 0,
          "attributes": {
            "arn": "arn:aws:codebuild:eu-central-1:127737961225:project/klier-blog-pipeline-deploy-test",
            "artifacts": [
              {
                "artifact_identifier": "",
                "bucket_owner_access": "",
                "encryption_disabled": false,
                "location": "",
                "name": "klier-blog-pipeline-deploy-test",
                "namespace_type": "",
                "override_artifact_name": false,
                "packaging": "NONE",
                "path": "",
                "type": "CODEPIPELINE"
              }
            ],
            "badge_enabled": false,
            "badge_url": "",
            "build_batch_config": [],
            "build_timeout": 60,
            "cache": [
              {
                "location": "",
                "modes": [],
                "type": "NO_CACHE"
              }
            ],
            "concurrent_build_limit": 0,
            "description": "",
            "encryption_key": "arn:aws:kms:eu-central-1:127737961225:alias/aws/s3",
            "environment": [
              {
                "certificate": "",
                "compute_type": "BUILD_GENERAL1_SMALL",
                "environment_variable": [
                  {
                    "name": "BUCKET",
                    "type": "PLAINTEXT",
                    "value": "klier-blog-frontend-deployment"
                  },
                  {
                    "name": "DISTRIBUTION_ID",
                    "type": "PLAINTEXT",
                    "value": "E2ELVMNW4AXDVO"
                  },
                  {
                    "name": "BUCKET_PREFIX",
                    "type": "PLAINTEXT",
                    "value": "test"
                  }
                ],
                "image": "aws/codebuild/standard:6.0",
                "image_pull_credentials_type": "CODEBUILD",
                "privileged_mode": false,
                "registry_credential": [],
                "type": "LINUX_CONTAINER"
              }
            ],
            "file_system_locations": [],
            "id": "arn:aws:codebuild:eu-central-1:127737961225:project/klier-blog-pipeline-deploy-test",
            "logs_config": [
              {
                "cloudwatch_logs": [
                  {
                    "group_name": "",
                    "status": "ENABLED",
                    "stream_name": ""
                  }
                ],
                "s3_logs": [
                  {
                    "bucket_owner_access": "",
                    "encryption_disabled": false,
                    "location": "",
                    "status": "DISABLED"
                  }
                ]
              }
            ],
            "name": "klier-blog-pipeline-deploy-test",
            "project_visibility": "PRIVATE",
            "public_project_alias": "",
            "queued_timeout": 480,
            "resource_access_role": "",
            "secondary_artifacts": [],
            "secondary_source_version": [],
            "secondary_sources": [],
            "service_role": "arn:aws:iam::127737961225:role/klier-blog-pipeline-deploy-test",
            "source": [
              {
                "auth": [],
                "build_status_config": [],
                "buildspec": "buildspec/deploy.yml",
                "git_clone_depth": 0,
                "git_submodules_config": [],
                "insecure_ssl": false,
                "location": "",
                "report_build_status": false,
                "type": "CODEPIPELINE"
              }
            ],
            "source_version": "",
            "tags": {},
            "tags_all": {
              "created_by": "Daniel Klier",
              "managed_by": "Terraform"
            },
            "vpc_config": []
          },
          "sensitive_attributes": [],
          "private": "bnVsbA==",
          "dependencies": [
            "module.cicd.aws_iam_role.deploy_test_service_role",
            "module.cicd.data.aws_iam_policy_document.deploy_test_service_assume_role_policy",
            "module.cicd.data.aws_s3_bucket.deploy_bucket",
            "module.cloudfront_test.aws_cloudfront_distribution.frontend",
            "module.cloudfront_test.aws_cloudfront_origin_access_identity.frontend",
            "module.cloudfront_test.data.aws_s3_bucket.origin_bucket"
          ]
        }
      ]
    },
    {
      "module": "module.cicd",
      "mode": "managed",
      "type": "aws_codebuild_project",
      "name": "lint",
      "provider": "provider[\"registry.terraform.io/hashicorp/aws\"]",
      "instances": [
        {
          "schema_version": 0,
          "attributes": {
            "arn": "arn:aws:codebuild:eu-central-1:127737961225:project/klier-blog-pipeline-lint",
            "artifacts": [
              {
                "artifact_identifier": "",
                "bucket_owner_access": "",
                "encryption_disabled": false,
                "location": "",
                "name": "klier-blog-pipeline-lint",
                "namespace_type": "",
                "override_artifact_name": false,
                "packaging": "NONE",
                "path": "",
                "type": "CODEPIPELINE"
              }
            ],
            "badge_enabled": false,
            "badge_url": "",
            "build_batch_config": [],
            "build_timeout": 60,
            "cache": [
              {
                "location": "",
                "modes": [],
                "type": "NO_CACHE"
              }
            ],
            "concurrent_build_limit": 0,
            "description": "",
            "encryption_key": "arn:aws:kms:eu-central-1:127737961225:alias/aws/s3",
            "environment": [
              {
                "certificate": "",
                "compute_type": "BUILD_GENERAL1_SMALL",
                "environment_variable": [],
                "image": "aws/codebuild/standard:6.0",
                "image_pull_credentials_type": "CODEBUILD",
                "privileged_mode": false,
                "registry_credential": [],
                "type": "LINUX_CONTAINER"
              }
            ],
            "file_system_locations": [],
            "id": "arn:aws:codebuild:eu-central-1:127737961225:project/klier-blog-pipeline-lint",
            "logs_config": [
              {
                "cloudwatch_logs": [
                  {
                    "group_name": "",
                    "status": "ENABLED",
                    "stream_name": ""
                  }
                ],
                "s3_logs": [
                  {
                    "bucket_owner_access": "",
                    "encryption_disabled": false,
                    "location": "",
                    "status": "DISABLED"
                  }
                ]
              }
            ],
            "name": "klier-blog-pipeline-lint",
            "project_visibility": "PRIVATE",
            "public_project_alias": "",
            "queued_timeout": 480,
            "resource_access_role": "",
            "secondary_artifacts": [],
            "secondary_source_version": [],
            "secondary_sources": [],
            "service_role": "arn:aws:iam::127737961225:role/klier-blog-pipeline-lint",
            "source": [
              {
                "auth": [],
                "build_status_config": [],
                "buildspec": "buildspec/lint.yml",
                "git_clone_depth": 0,
                "git_submodules_config": [],
                "insecure_ssl": false,
                "location": "",
                "report_build_status": false,
                "type": "CODEPIPELINE"
              }
            ],
            "source_version": "",
            "tags": {},
            "tags_all": {
              "created_by": "Daniel Klier",
              "managed_by": "Terraform"
            },
            "vpc_config": []
          },
          "sensitive_attributes": [],
          "private": "bnVsbA==",
          "dependencies": [
            "module.cicd.aws_iam_role.lint_service_role",
            "module.cicd.data.aws_iam_policy_document.lint_service_assume_role_policy"
          ]
        }
      ]
    },
    {
      "module": "module.cicd",
      "mode": "managed",
      "type": "aws_codebuild_project",
      "name": "unit_test",
      "provider": "provider[\"registry.terraform.io/hashicorp/aws\"]",
      "instances": [
        {
          "schema_version": 0,
          "attributes": {
            "arn": "arn:aws:codebuild:eu-central-1:127737961225:project/klier-blog-pipeline-unit-test",
            "artifacts": [
              {
                "artifact_identifier": "",
                "bucket_owner_access": "",
                "encryption_disabled": false,
                "location": "",
                "name": "klier-blog-pipeline-unit-test",
                "namespace_type": "",
                "override_artifact_name": false,
                "packaging": "NONE",
                "path": "",
                "type": "CODEPIPELINE"
              }
            ],
            "badge_enabled": false,
            "badge_url": "",
            "build_batch_config": [],
            "build_timeout": 60,
            "cache": [
              {
                "location": "",
                "modes": [],
                "type": "NO_CACHE"
              }
            ],
            "concurrent_build_limit": 0,
            "description": "",
            "encryption_key": "arn:aws:kms:eu-central-1:127737961225:alias/aws/s3",
            "environment": [
              {
                "certificate": "",
                "compute_type": "BUILD_GENERAL1_SMALL",
                "environment_variable": [],
                "image": "aws/codebuild/standard:6.0",
                "image_pull_credentials_type": "CODEBUILD",
                "privileged_mode": false,
                "registry_credential": [],
                "type": "LINUX_CONTAINER"
              }
            ],
            "file_system_locations": [],
            "id": "arn:aws:codebuild:eu-central-1:127737961225:project/klier-blog-pipeline-unit-test",
            "logs_config": [
              {
                "cloudwatch_logs": [
                  {
                    "group_name": "",
                    "status": "ENABLED",
                    "stream_name": ""
                  }
                ],
                "s3_logs": [
                  {
                    "bucket_owner_access": "",
                    "encryption_disabled": false,
                    "location": "",
                    "status": "DISABLED"
                  }
                ]
              }
            ],
            "name": "klier-blog-pipeline-unit-test",
            "project_visibility": "PRIVATE",
            "public_project_alias": "",
            "queued_timeout": 480,
            "resource_access_role": "",
            "secondary_artifacts": [],
            "secondary_source_version": [],
            "secondary_sources": [],
            "service_role": "arn:aws:iam::127737961225:role/klier-blog-pipeline-unit-test",
            "source": [
              {
                "auth": [],
                "build_status_config": [],
                "buildspec": "buildspec/unit-test.yml",
                "git_clone_depth": 0,
                "git_submodules_config": [],
                "insecure_ssl": false,
                "location": "",
                "report_build_status": false,
                "type": "CODEPIPELINE"
              }
            ],
            "source_version": "",
            "tags": {},
            "tags_all": {
              "created_by": "Daniel Klier",
              "managed_by": "Terraform"
            },
            "vpc_config": []
          },
          "sensitive_attributes": [],
          "private": "bnVsbA==",
          "dependencies": [
            "module.cicd.aws_iam_role.unit_test_service_role",
            "module.cicd.data.aws_iam_policy_document.unit_test_service_assume_role_policy"
          ]
        }
      ]
    },
    {
      "module": "module.cicd",
      "mode": "managed",
      "type": "aws_codepipeline",
      "name": "pipeline",
      "provider": "provider[\"registry.terraform.io/hashicorp/aws\"]",
      "instances": [
        {
          "schema_version": 0,
          "attributes": {
            "arn": "arn:aws:codepipeline:eu-central-1:127737961225:klier-blog-pipeline",
            "artifact_store": [
              {
                "encryption_key": [],
                "location": "klier-blog-pipeline-artifacts",
                "region": "",
                "type": "S3"
              }
            ],
            "id": "klier-blog-pipeline",
            "name": "klier-blog-pipeline",
            "role_arn": "arn:aws:iam::127737961225:role/AWSCodePipelineServiceRole-eu-central-1-klier-blog-pipeline",
            "stage": [
              {
                "action": [
                  {
                    "category": "Source",
                    "configuration": {
                      "BranchName": "main",
                      "ConnectionArn": "arn:aws:codestar-connections:eu-central-1:127737961225:connection/f067656c-a8da-4f07-a589-1ad474c4b9ea",
                      "FullRepositoryId": "DanielKlier/angular-build-once-deploy-anywhere",
                      "OutputArtifactFormat": "CODEBUILD_CLONE_REF"
                    },
                    "input_artifacts": [],
                    "name": "GitHub",
                    "namespace": "",
                    "output_artifacts": [
                      "source_output"
                    ],
                    "owner": "AWS",
                    "provider": "CodeStarSourceConnection",
                    "region": "eu-central-1",
                    "role_arn": "",
                    "run_order": 1,
                    "version": "1"
                  }
                ],
                "name": "Source"
              },
              {
                "action": [
                  {
                    "category": "Build",
                    "configuration": {
                      "ProjectName": "klier-blog-pipeline-build"
                    },
                    "input_artifacts": [
                      "source_output"
                    ],
                    "name": "Build",
                    "namespace": "",
                    "output_artifacts": [
                      "build_output"
                    ],
                    "owner": "AWS",
                    "provider": "CodeBuild",
                    "region": "",
                    "role_arn": "",
                    "run_order": 1,
                    "version": "1"
                  },
                  {
                    "category": "Test",
                    "configuration": {
                      "ProjectName": "klier-blog-pipeline-unit-test"
                    },
                    "input_artifacts": [
                      "source_output"
                    ],
                    "name": "UnitTests",
                    "namespace": "",
                    "output_artifacts": [
                      "test_output"
                    ],
                    "owner": "AWS",
                    "provider": "CodeBuild",
                    "region": "",
                    "role_arn": "",
                    "run_order": 1,
                    "version": "1"
                  },
                  {
                    "category": "Test",
                    "configuration": {
                      "ProjectName": "klier-blog-pipeline-lint"
                    },
                    "input_artifacts": [
                      "source_output"
                    ],
                    "name": "Lint",
                    "namespace": "",
                    "output_artifacts": [],
                    "owner": "AWS",
                    "provider": "CodeBuild",
                    "region": "",
                    "role_arn": "",
                    "run_order": 1,
                    "version": "1"
                  }
                ],
                "name": "ContinuousIntegration"
              },
              {
                "action": [
                  {
                    "category": "Build",
                    "configuration": {
                      "ProjectName": "klier-blog-pipeline-deploy-test"
                    },
                    "input_artifacts": [
                      "build_output"
                    ],
                    "name": "DeployTest",
                    "namespace": "",
                    "output_artifacts": [],
                    "owner": "AWS",
                    "provider": "CodeBuild",
                    "region": "",
                    "role_arn": "",
                    "run_order": 1,
                    "version": "1"
                  }
                ],
                "name": "DeployTest"
              },
              {
                "action": [
                  {
                    "category": "Approval",
                    "configuration": {},
                    "input_artifacts": [],
                    "name": "ApproveProd",
                    "namespace": "",
                    "output_artifacts": [],
                    "owner": "AWS",
                    "provider": "Manual",
                    "region": "",
                    "role_arn": "",
                    "run_order": 1,
                    "version": "1"
                  },
                  {
                    "category": "Build",
                    "configuration": {
                      "ProjectName": "klier-blog-pipeline-deploy-prod"
                    },
                    "input_artifacts": [
                      "build_output"
                    ],
                    "name": "DeployProd",
                    "namespace": "",
                    "output_artifacts": [],
                    "owner": "AWS",
                    "provider": "CodeBuild",
                    "region": "",
                    "role_arn": "",
                    "run_order": 2,
                    "version": "1"
                  }
                ],
                "name": "DeployProd"
              }
            ],
            "tags": {},
            "tags_all": {
              "created_by": "Daniel Klier",
              "managed_by": "Terraform"
            }
          },
          "sensitive_attributes": [],
          "private": "bnVsbA==",
          "dependencies": [
            "module.cicd.aws_codebuild_project.build",
            "module.cicd.aws_codebuild_project.deploy_prod",
            "module.cicd.aws_codebuild_project.deploy_test",
            "module.cicd.aws_codebuild_project.lint",
            "module.cicd.aws_codebuild_project.unit_test",
            "module.cicd.aws_codestarconnections_connection.github",
            "module.cicd.aws_iam_role.build_service_role",
            "module.cicd.aws_iam_role.deploy_prod_service_role",
            "module.cicd.aws_iam_role.deploy_test_service_role",
            "module.cicd.aws_iam_role.lint_service_role",
            "module.cicd.aws_iam_role.pipeline",
            "module.cicd.aws_iam_role.unit_test_service_role",
            "module.cicd.aws_s3_bucket.pipeline_bucket",
            "module.cicd.data.aws_iam_policy_document.build_service_assume_role_policy",
            "module.cicd.data.aws_iam_policy_document.codepipeline_policy",
            "module.cicd.data.aws_iam_policy_document.deploy_prod_service_assume_role_policy",
            "module.cicd.data.aws_iam_policy_document.deploy_test_service_assume_role_policy",
            "module.cicd.data.aws_iam_policy_document.lint_service_assume_role_policy",
            "module.cicd.data.aws_iam_policy_document.unit_test_service_assume_role_policy",
            "module.cicd.data.aws_s3_bucket.deploy_bucket",
            "module.cloudfront_prod.aws_cloudfront_distribution.frontend",
            "module.cloudfront_prod.aws_cloudfront_origin_access_identity.frontend",
            "module.cloudfront_prod.data.aws_s3_bucket.origin_bucket",
            "module.cloudfront_test.aws_cloudfront_distribution.frontend",
            "module.cloudfront_test.aws_cloudfront_origin_access_identity.frontend",
            "module.cloudfront_test.data.aws_s3_bucket.origin_bucket"
          ]
        }
      ]
    },
    {
      "module": "module.cicd",
      "mode": "managed",
      "type": "aws_codestarconnections_connection",
      "name": "github",
      "provider": "provider[\"registry.terraform.io/hashicorp/aws\"]",
      "instances": [
        {
          "schema_version": 0,
          "attributes": {
            "arn": "arn:aws:codestar-connections:eu-central-1:127737961225:connection/f067656c-a8da-4f07-a589-1ad474c4b9ea",
            "connection_status": "AVAILABLE",
            "host_arn": "",
            "id": "arn:aws:codestar-connections:eu-central-1:127737961225:connection/f067656c-a8da-4f07-a589-1ad474c4b9ea",
            "name": "klier-blog-GitHub",
            "provider_type": "GitHub",
            "tags": {},
            "tags_all": {
              "created_by": "Daniel Klier",
              "managed_by": "Terraform"
            }
          },
          "sensitive_attributes": [],
          "private": "bnVsbA=="
        }
      ]
    },
    {
      "module": "module.cicd",
      "mode": "managed",
      "type": "aws_iam_role",
      "name": "build_service_role",
      "provider": "provider[\"registry.terraform.io/hashicorp/aws\"]",
      "instances": [
        {
          "schema_version": 0,
          "attributes": {
            "arn": "arn:aws:iam::127737961225:role/klier-blog-pipeline-build",
            "assume_role_policy": "{\"Statement\":[{\"Action\":\"sts:AssumeRole\",\"Effect\":\"Allow\",\"Principal\":{\"Service\":\"codebuild.amazonaws.com\"},\"Sid\":\"\"}],\"Version\":\"2012-10-17\"}",
            "create_date": "2022-10-14T09:41:52Z",
            "description": "",
            "force_detach_policies": false,
            "id": "klier-blog-pipeline-build",
            "inline_policy": [
              {
                "name": "klier-blog-pipeline-build",
                "policy": "{\n  \"Version\": \"2012-10-17\",\n  \"Statement\": [\n    {\n      \"Sid\": \"\",\n      \"Effect\": \"Allow\",\n      \"Action\": [\n        \"logs:PutLogEvents\",\n        \"logs:CreateLogStream\",\n        \"logs:CreateLogGroup\"\n      ],\n      \"Resource\": \"*\"\n    },\n    {\n      \"Sid\": \"\",\n      \"Effect\": \"Allow\",\n      \"Action\": [\n        \"s3:PutObject\",\n        \"s3:ListObjects\",\n        \"s3:ListBucket\",\n        \"s3:GetObject\"\n      ],\n      \"Resource\": [\n        \"arn:aws:s3:::klier-blog-pipeline-artifacts/*\",\n        \"arn:aws:s3:::klier-blog-pipeline-artifacts\"\n      ]\n    },\n    {\n      \"Sid\": \"\",\n      \"Effect\": \"Allow\",\n      \"Action\": \"codestar-connections:*\",\n      \"Resource\": \"arn:aws:codestar-connections:eu-central-1:127737961225:connection/f067656c-a8da-4f07-a589-1ad474c4b9ea\"\n    }\n  ]\n}"
              }
            ],
            "managed_policy_arns": [],
            "max_session_duration": 3600,
            "name": "klier-blog-pipeline-build",
            "name_prefix": "",
            "path": "/",
            "permissions_boundary": null,
            "tags": {},
            "tags_all": {
              "created_by": "Daniel Klier",
              "managed_by": "Terraform"
            },
            "unique_id": "AROAR3POGTME4R7EN7Q4B"
          },
          "sensitive_attributes": [],
          "private": "bnVsbA==",
          "dependencies": [
            "module.cicd.data.aws_iam_policy_document.build_service_assume_role_policy"
          ]
        }
      ]
    },
    {
      "module": "module.cicd",
      "mode": "managed",
      "type": "aws_iam_role",
      "name": "deploy_prod_service_role",
      "provider": "provider[\"registry.terraform.io/hashicorp/aws\"]",
      "instances": [
        {
          "schema_version": 0,
          "attributes": {
            "arn": "arn:aws:iam::127737961225:role/klier-blog-pipeline-deploy-prod",
            "assume_role_policy": "{\"Statement\":[{\"Action\":\"sts:AssumeRole\",\"Effect\":\"Allow\",\"Principal\":{\"Service\":\"codebuild.amazonaws.com\"},\"Sid\":\"\"}],\"Version\":\"2012-10-17\"}",
            "create_date": "2022-10-14T10:05:56Z",
            "description": "",
            "force_detach_policies": false,
            "id": "klier-blog-pipeline-deploy-prod",
            "inline_policy": [
              {
                "name": "klier-blog-pipeline-deploy-prod",
                "policy": "{\n  \"Version\": \"2012-10-17\",\n  \"Statement\": [\n    {\n      \"Sid\": \"\",\n      \"Effect\": \"Allow\",\n      \"Action\": [\n        \"logs:PutLogEvents\",\n        \"logs:CreateLogStream\",\n        \"logs:CreateLogGroup\"\n      ],\n      \"Resource\": \"*\"\n    },\n    {\n      \"Sid\": \"\",\n      \"Effect\": \"Allow\",\n      \"Action\": [\n        \"s3:ListObjects\",\n        \"s3:ListBucket\",\n        \"s3:GetObject\"\n      ],\n      \"Resource\": [\n        \"arn:aws:s3:::klier-blog-pipeline-artifacts/*\",\n        \"arn:aws:s3:::klier-blog-pipeline-artifacts\"\n      ]\n    },\n    {\n      \"Sid\": \"\",\n      \"Effect\": \"Allow\",\n      \"Action\": [\n        \"s3:PutObject\",\n        \"s3:ListBucket\",\n        \"s3:GetObject\",\n        \"s3:GetBucketLocation\",\n        \"s3:DeleteObject\"\n      ],\n      \"Resource\": \"arn:aws:s3:::klier-blog-frontend-deployment/prod/*\"\n    },\n    {\n      \"Sid\": \"\",\n      \"Effect\": \"Allow\",\n      \"Action\": \"cloudfront:CreateInvalidation\",\n      \"Resource\": \"arn:aws:cloudfront::127737961225:distribution/E285W4UGPOZA2W\"\n    }\n  ]\n}"
              }
            ],
            "managed_policy_arns": [],
            "max_session_duration": 3600,
            "name": "klier-blog-pipeline-deploy-prod",
            "name_prefix": "",
            "path": "/",
            "permissions_boundary": null,
            "tags": {},
            "tags_all": {
              "created_by": "Daniel Klier",
              "managed_by": "Terraform"
            },
            "unique_id": "AROAR3POGTMEQMG5Z7Z42"
          },
          "sensitive_attributes": [],
          "private": "bnVsbA==",
          "dependencies": [
            "module.cicd.data.aws_iam_policy_document.deploy_prod_service_assume_role_policy"
          ]
        }
      ]
    },
    {
      "module": "module.cicd",
      "mode": "managed",
      "type": "aws_iam_role",
      "name": "deploy_test_service_role",
      "provider": "provider[\"registry.terraform.io/hashicorp/aws\"]",
      "instances": [
        {
          "schema_version": 0,
          "attributes": {
            "arn": "arn:aws:iam::127737961225:role/klier-blog-pipeline-deploy-test",
            "assume_role_policy": "{\"Statement\":[{\"Action\":\"sts:AssumeRole\",\"Effect\":\"Allow\",\"Principal\":{\"Service\":\"codebuild.amazonaws.com\"},\"Sid\":\"\"}],\"Version\":\"2012-10-17\"}",
            "create_date": "2022-10-14T10:05:56Z",
            "description": "",
            "force_detach_policies": false,
            "id": "klier-blog-pipeline-deploy-test",
            "inline_policy": [
              {
                "name": "klier-blog-pipeline-deploy-test",
                "policy": "{\n  \"Version\": \"2012-10-17\",\n  \"Statement\": [\n    {\n      \"Sid\": \"\",\n      \"Effect\": \"Allow\",\n      \"Action\": [\n        \"logs:PutLogEvents\",\n        \"logs:CreateLogStream\",\n        \"logs:CreateLogGroup\"\n      ],\n      \"Resource\": \"*\"\n    },\n    {\n      \"Sid\": \"\",\n      \"Effect\": \"Allow\",\n      \"Action\": [\n        \"s3:ListObjects\",\n        \"s3:ListBucket\",\n        \"s3:GetObject\"\n      ],\n      \"Resource\": [\n        \"arn:aws:s3:::klier-blog-pipeline-artifacts/*\",\n        \"arn:aws:s3:::klier-blog-pipeline-artifacts\"\n      ]\n    },\n    {\n      \"Sid\": \"\",\n      \"Effect\": \"Allow\",\n      \"Action\": [\n        \"s3:PutObject\",\n        \"s3:ListBucket\",\n        \"s3:GetObject\",\n        \"s3:GetBucketLocation\",\n        \"s3:DeleteObject\"\n      ],\n      \"Resource\": \"arn:aws:s3:::klier-blog-frontend-deployment/test/*\"\n    },\n    {\n      \"Sid\": \"\",\n      \"Effect\": \"Allow\",\n      \"Action\": \"cloudfront:CreateInvalidation\",\n      \"Resource\": \"arn:aws:cloudfront::127737961225:distribution/E2ELVMNW4AXDVO\"\n    }\n  ]\n}"
              }
            ],
            "managed_policy_arns": [],
            "max_session_duration": 3600,
            "name": "klier-blog-pipeline-deploy-test",
            "name_prefix": "",
            "path": "/",
            "permissions_boundary": null,
            "tags": {},
            "tags_all": {
              "created_by": "Daniel Klier",
              "managed_by": "Terraform"
            },
            "unique_id": "AROAR3POGTMERWEBA6TVO"
          },
          "sensitive_attributes": [],
          "private": "bnVsbA==",
          "dependencies": [
            "module.cicd.data.aws_iam_policy_document.deploy_test_service_assume_role_policy"
          ]
        }
      ]
    },
    {
      "module": "module.cicd",
      "mode": "managed",
      "type": "aws_iam_role",
      "name": "lint_service_role",
      "provider": "provider[\"registry.terraform.io/hashicorp/aws\"]",
      "instances": [
        {
          "schema_version": 0,
          "attributes": {
            "arn": "arn:aws:iam::127737961225:role/klier-blog-pipeline-lint",
            "assume_role_policy": "{\"Statement\":[{\"Action\":\"sts:AssumeRole\",\"Effect\":\"Allow\",\"Principal\":{\"Service\":\"codebuild.amazonaws.com\"},\"Sid\":\"\"}],\"Version\":\"2012-10-17\"}",
            "create_date": "2022-10-14T10:05:56Z",
            "description": "",
            "force_detach_policies": false,
            "id": "klier-blog-pipeline-lint",
            "inline_policy": [
              {
                "name": "klier-blog-pipeline-lint",
                "policy": "{\n  \"Version\": \"2012-10-17\",\n  \"Statement\": [\n    {\n      \"Sid\": \"\",\n      \"Effect\": \"Allow\",\n      \"Action\": [\n        \"logs:PutLogEvents\",\n        \"logs:CreateLogStream\",\n        \"logs:CreateLogGroup\"\n      ],\n      \"Resource\": \"*\"\n    },\n    {\n      \"Sid\": \"\",\n      \"Effect\": \"Allow\",\n      \"Action\": [\n        \"s3:ListObjects\",\n        \"s3:ListBucket\",\n        \"s3:GetObject\"\n      ],\n      \"Resource\": [\n        \"arn:aws:s3:::klier-blog-pipeline-artifacts/*\",\n        \"arn:aws:s3:::klier-blog-pipeline-artifacts\"\n      ]\n    },\n    {\n      \"Sid\": \"\",\n      \"Effect\": \"Allow\",\n      \"Action\": \"codestar-connections:*\",\n      \"Resource\": \"arn:aws:codestar-connections:eu-central-1:127737961225:connection/f067656c-a8da-4f07-a589-1ad474c4b9ea\"\n    }\n  ]\n}"
              }
            ],
            "managed_policy_arns": [],
            "max_session_duration": 3600,
            "name": "klier-blog-pipeline-lint",
            "name_prefix": "",
            "path": "/",
            "permissions_boundary": null,
            "tags": {},
            "tags_all": {
              "created_by": "Daniel Klier",
              "managed_by": "Terraform"
            },
            "unique_id": "AROAR3POGTME2AK7E5U5W"
          },
          "sensitive_attributes": [],
          "private": "bnVsbA==",
          "dependencies": [
            "module.cicd.data.aws_iam_policy_document.lint_service_assume_role_policy"
          ]
        }
      ]
    },
    {
      "module": "module.cicd",
      "mode": "managed",
      "type": "aws_iam_role",
      "name": "pipeline",
      "provider": "provider[\"registry.terraform.io/hashicorp/aws\"]",
      "instances": [
        {
          "schema_version": 0,
          "attributes": {
            "arn": "arn:aws:iam::127737961225:role/AWSCodePipelineServiceRole-eu-central-1-klier-blog-pipeline",
            "assume_role_policy": "{\"Statement\":[{\"Action\":\"sts:AssumeRole\",\"Effect\":\"Allow\",\"Principal\":{\"Service\":\"codepipeline.amazonaws.com\"},\"Sid\":\"\"}],\"Version\":\"2012-10-17\"}",
            "create_date": "2022-10-14T09:41:52Z",
            "description": "",
            "force_detach_policies": false,
            "id": "AWSCodePipelineServiceRole-eu-central-1-klier-blog-pipeline",
            "inline_policy": [
              {
                "name": "terraform-20221014102301693000000001",
                "policy": "{\n  \"Version\": \"2012-10-17\",\n  \"Statement\": [\n    {\n      \"Sid\": \"\",\n      \"Effect\": \"Allow\",\n      \"Action\": \"codestar-connections:UseConnection\",\n      \"Resource\": \"arn:aws:codestar-connections:eu-central-1:127737961225:connection/f067656c-a8da-4f07-a589-1ad474c4b9ea\"\n    },\n    {\n      \"Sid\": \"\",\n      \"Effect\": \"Allow\",\n      \"Action\": [\n        \"codebuild:StartBuild\",\n        \"codebuild:BatchGetBuilds\"\n      ],\n      \"Resource\": [\n        \"arn:aws:codebuild:eu-central-1:127737961225:project/klier-blog-pipeline-unit-test\",\n        \"arn:aws:codebuild:eu-central-1:127737961225:project/klier-blog-pipeline-lint\",\n        \"arn:aws:codebuild:eu-central-1:127737961225:project/klier-blog-pipeline-deploy-test\",\n        \"arn:aws:codebuild:eu-central-1:127737961225:project/klier-blog-pipeline-deploy-prod\",\n        \"arn:aws:codebuild:eu-central-1:127737961225:project/klier-blog-pipeline-build\"\n      ]\n    },\n    {\n      \"Sid\": \"\",\n      \"Effect\": \"Allow\",\n      \"Action\": \"s3:*\",\n      \"Resource\": [\n        \"arn:aws:s3:::klier-blog-pipeline-artifacts/*\",\n        \"arn:aws:s3:::klier-blog-pipeline-artifacts\"\n      ]\n    }\n  ]\n}"
              }
            ],
            "managed_policy_arns": [],
            "max_session_duration": 3600,
            "name": "AWSCodePipelineServiceRole-eu-central-1-klier-blog-pipeline",
            "name_prefix": "",
            "path": "/",
            "permissions_boundary": null,
            "tags": {},
            "tags_all": {
              "created_by": "Daniel Klier",
              "managed_by": "Terraform"
            },
            "unique_id": "AROAR3POGTMEQ3E2TLZJ3"
          },
          "sensitive_attributes": [],
          "private": "bnVsbA==",
          "dependencies": [
            "module.cicd.data.aws_iam_policy_document.codepipeline_policy"
          ]
        }
      ]
    },
    {
      "module": "module.cicd",
      "mode": "managed",
      "type": "aws_iam_role",
      "name": "unit_test_service_role",
      "provider": "provider[\"registry.terraform.io/hashicorp/aws\"]",
      "instances": [
        {
          "schema_version": 0,
          "attributes": {
            "arn": "arn:aws:iam::127737961225:role/klier-blog-pipeline-unit-test",
            "assume_role_policy": "{\"Statement\":[{\"Action\":\"sts:AssumeRole\",\"Effect\":\"Allow\",\"Principal\":{\"Service\":\"codebuild.amazonaws.com\"},\"Sid\":\"\"}],\"Version\":\"2012-10-17\"}",
            "create_date": "2022-10-14T10:05:56Z",
            "description": "",
            "force_detach_policies": false,
            "id": "klier-blog-pipeline-unit-test",
            "inline_policy": [
              {
                "name": "klier-blog-pipeline-unit-test",
                "policy": "{\n  \"Version\": \"2012-10-17\",\n  \"Statement\": [\n    {\n      \"Sid\": \"\",\n      \"Effect\": \"Allow\",\n      \"Action\": [\n        \"logs:PutLogEvents\",\n        \"logs:CreateLogStream\",\n        \"logs:CreateLogGroup\"\n      ],\n      \"Resource\": \"*\"\n    },\n    {\n      \"Sid\": \"\",\n      \"Effect\": \"Allow\",\n      \"Action\": [\n        \"s3:PutObject\",\n        \"s3:ListObjects\",\n        \"s3:ListBucket\",\n        \"s3:GetObject\"\n      ],\n      \"Resource\": [\n        \"arn:aws:s3:::klier-blog-pipeline-artifacts/*\",\n        \"arn:aws:s3:::klier-blog-pipeline-artifacts\"\n      ]\n    },\n    {\n      \"Sid\": \"\",\n      \"Effect\": \"Allow\",\n      \"Action\": \"codestar-connections:*\",\n      \"Resource\": \"arn:aws:codestar-connections:eu-central-1:127737961225:connection/f067656c-a8da-4f07-a589-1ad474c4b9ea\"\n    }\n  ]\n}"
              }
            ],
            "managed_policy_arns": [],
            "max_session_duration": 3600,
            "name": "klier-blog-pipeline-unit-test",
            "name_prefix": "",
            "path": "/",
            "permissions_boundary": null,
            "tags": {},
            "tags_all": {
              "created_by": "Daniel Klier",
              "managed_by": "Terraform"
            },
            "unique_id": "AROAR3POGTMEXFIKE4GDC"
          },
          "sensitive_attributes": [],
          "private": "bnVsbA==",
          "dependencies": [
            "module.cicd.data.aws_iam_policy_document.unit_test_service_assume_role_policy"
          ]
        }
      ]
    },
    {
      "module": "module.cicd",
      "mode": "managed",
      "type": "aws_iam_role_policy",
      "name": "codebuild_build_role_policy",
      "provider": "provider[\"registry.terraform.io/hashicorp/aws\"]",
      "instances": [
        {
          "schema_version": 0,
          "attributes": {
            "id": "klier-blog-pipeline-build:klier-blog-pipeline-build",
            "name": "klier-blog-pipeline-build",
            "name_prefix": null,
            "policy": "{\n  \"Version\": \"2012-10-17\",\n  \"Statement\": [\n    {\n      \"Sid\": \"\",\n      \"Effect\": \"Allow\",\n      \"Action\": [\n        \"logs:PutLogEvents\",\n        \"logs:CreateLogStream\",\n        \"logs:CreateLogGroup\"\n      ],\n      \"Resource\": \"*\"\n    },\n    {\n      \"Sid\": \"\",\n      \"Effect\": \"Allow\",\n      \"Action\": [\n        \"s3:PutObject\",\n        \"s3:ListObjects\",\n        \"s3:ListBucket\",\n        \"s3:GetObject\"\n      ],\n      \"Resource\": [\n        \"arn:aws:s3:::klier-blog-pipeline-artifacts/*\",\n        \"arn:aws:s3:::klier-blog-pipeline-artifacts\"\n      ]\n    },\n    {\n      \"Sid\": \"\",\n      \"Effect\": \"Allow\",\n      \"Action\": \"codestar-connections:UseConnection\",\n      \"Resource\": \"arn:aws:codestar-connections:eu-central-1:127737961225:connection/f067656c-a8da-4f07-a589-1ad474c4b9ea\"\n    }\n  ]\n}",
            "role": "klier-blog-pipeline-build"
          },
          "sensitive_attributes": [],
          "private": "bnVsbA==",
          "dependencies": [
            "module.cicd.aws_iam_role.build_service_role",
            "module.cicd.data.aws_iam_policy_document.build_service_assume_role_policy",
            "module.cicd.data.aws_iam_policy_document.codebuild_build_role_policy"
          ]
        }
      ]
    },
    {
      "module": "module.cicd",
      "mode": "managed",
      "type": "aws_iam_role_policy",
      "name": "codebuild_deploy_prod_role_policy",
      "provider": "provider[\"registry.terraform.io/hashicorp/aws\"]",
      "instances": [
        {
          "schema_version": 0,
          "attributes": {
            "id": "klier-blog-pipeline-deploy-prod:klier-blog-pipeline-deploy-prod",
            "name": "klier-blog-pipeline-deploy-prod",
            "name_prefix": null,
            "policy": "{\n  \"Version\": \"2012-10-17\",\n  \"Statement\": [\n    {\n      \"Sid\": \"\",\n      \"Effect\": \"Allow\",\n      \"Action\": [\n        \"logs:PutLogEvents\",\n        \"logs:CreateLogStream\",\n        \"logs:CreateLogGroup\"\n      ],\n      \"Resource\": \"*\"\n    },\n    {\n      \"Sid\": \"\",\n      \"Effect\": \"Allow\",\n      \"Action\": [\n        \"s3:ListObjects\",\n        \"s3:ListBucket\",\n        \"s3:GetObject\"\n      ],\n      \"Resource\": [\n        \"arn:aws:s3:::klier-blog-pipeline-artifacts/*\",\n        \"arn:aws:s3:::klier-blog-pipeline-artifacts\"\n      ]\n    },\n    {\n      \"Sid\": \"\",\n      \"Effect\": \"Allow\",\n      \"Action\": [\n        \"s3:PutObject\",\n        \"s3:ListBucket\",\n        \"s3:GetObject\",\n        \"s3:GetBucketLocation\",\n        \"s3:DeleteObject\"\n      ],\n      \"Resource\": \"arn:aws:s3:::klier-blog-frontend-deployment/prod/*\"\n    },\n    {\n      \"Sid\": \"\",\n      \"Effect\": \"Allow\",\n      \"Action\": \"cloudfront:CreateInvalidation\",\n      \"Resource\": \"arn:aws:cloudfront::127737961225:distribution/E285W4UGPOZA2W\"\n    }\n  ]\n}",
            "role": "klier-blog-pipeline-deploy-prod"
          },
          "sensitive_attributes": [],
          "private": "bnVsbA==",
          "dependencies": [
            "module.cicd.aws_iam_role.deploy_prod_service_role",
            "module.cicd.data.aws_iam_policy_document.codebuild_deploy_prod_role_policy",
            "module.cicd.data.aws_iam_policy_document.deploy_prod_service_assume_role_policy"
          ]
        }
      ]
    },
    {
      "module": "module.cicd",
      "mode": "managed",
      "type": "aws_iam_role_policy",
      "name": "codebuild_deploy_test_role_policy",
      "provider": "provider[\"registry.terraform.io/hashicorp/aws\"]",
      "instances": [
        {
          "schema_version": 0,
          "attributes": {
            "id": "klier-blog-pipeline-deploy-test:klier-blog-pipeline-deploy-test",
            "name": "klier-blog-pipeline-deploy-test",
            "name_prefix": null,
            "policy": "{\n  \"Version\": \"2012-10-17\",\n  \"Statement\": [\n    {\n      \"Sid\": \"\",\n      \"Effect\": \"Allow\",\n      \"Action\": [\n        \"logs:PutLogEvents\",\n        \"logs:CreateLogStream\",\n        \"logs:CreateLogGroup\"\n      ],\n      \"Resource\": \"*\"\n    },\n    {\n      \"Sid\": \"\",\n      \"Effect\": \"Allow\",\n      \"Action\": [\n        \"s3:ListObjects\",\n        \"s3:ListBucket\",\n        \"s3:GetObject\"\n      ],\n      \"Resource\": [\n        \"arn:aws:s3:::klier-blog-pipeline-artifacts/*\",\n        \"arn:aws:s3:::klier-blog-pipeline-artifacts\"\n      ]\n    },\n    {\n      \"Sid\": \"\",\n      \"Effect\": \"Allow\",\n      \"Action\": [\n        \"s3:PutObject\",\n        \"s3:ListBucket\",\n        \"s3:GetObject\",\n        \"s3:GetBucketLocation\",\n        \"s3:DeleteObject\"\n      ],\n      \"Resource\": \"arn:aws:s3:::klier-blog-frontend-deployment/test/*\"\n    },\n    {\n      \"Sid\": \"\",\n      \"Effect\": \"Allow\",\n      \"Action\": \"cloudfront:CreateInvalidation\",\n      \"Resource\": \"arn:aws:cloudfront::127737961225:distribution/E2ELVMNW4AXDVO\"\n    }\n  ]\n}",
            "role": "klier-blog-pipeline-deploy-test"
          },
          "sensitive_attributes": [],
          "private": "bnVsbA==",
          "dependencies": [
            "module.cicd.aws_iam_role.deploy_test_service_role",
            "module.cicd.data.aws_iam_policy_document.codebuild_deploy_test_role_policy",
            "module.cicd.data.aws_iam_policy_document.deploy_test_service_assume_role_policy"
          ]
        }
      ]
    },
    {
      "module": "module.cicd",
      "mode": "managed",
      "type": "aws_iam_role_policy",
      "name": "codebuild_lint_role_policy",
      "provider": "provider[\"registry.terraform.io/hashicorp/aws\"]",
      "instances": [
        {
          "schema_version": 0,
          "attributes": {
            "id": "klier-blog-pipeline-lint:klier-blog-pipeline-lint",
            "name": "klier-blog-pipeline-lint",
            "name_prefix": null,
            "policy": "{\n  \"Version\": \"2012-10-17\",\n  \"Statement\": [\n    {\n      \"Sid\": \"\",\n      \"Effect\": \"Allow\",\n      \"Action\": [\n        \"logs:PutLogEvents\",\n        \"logs:CreateLogStream\",\n        \"logs:CreateLogGroup\"\n      ],\n      \"Resource\": \"*\"\n    },\n    {\n      \"Sid\": \"\",\n      \"Effect\": \"Allow\",\n      \"Action\": [\n        \"s3:ListObjects\",\n        \"s3:ListBucket\",\n        \"s3:GetObject\"\n      ],\n      \"Resource\": [\n        \"arn:aws:s3:::klier-blog-pipeline-artifacts/*\",\n        \"arn:aws:s3:::klier-blog-pipeline-artifacts\"\n      ]\n    },\n    {\n      \"Sid\": \"\",\n      \"Effect\": \"Allow\",\n      \"Action\": \"codestar-connections:UseConnection\",\n      \"Resource\": \"arn:aws:codestar-connections:eu-central-1:127737961225:connection/f067656c-a8da-4f07-a589-1ad474c4b9ea\"\n    }\n  ]\n}",
            "role": "klier-blog-pipeline-lint"
          },
          "sensitive_attributes": [],
          "private": "bnVsbA==",
          "dependencies": [
            "module.cicd.aws_iam_role.lint_service_role",
            "module.cicd.data.aws_iam_policy_document.codebuild_lint_role_policy",
            "module.cicd.data.aws_iam_policy_document.lint_service_assume_role_policy"
          ]
        }
      ]
    },
    {
      "module": "module.cicd",
      "mode": "managed",
      "type": "aws_iam_role_policy",
      "name": "codebuild_unit_test_role_policy",
      "provider": "provider[\"registry.terraform.io/hashicorp/aws\"]",
      "instances": [
        {
          "schema_version": 0,
          "attributes": {
            "id": "klier-blog-pipeline-unit-test:klier-blog-pipeline-unit-test",
            "name": "klier-blog-pipeline-unit-test",
            "name_prefix": null,
            "policy": "{\n  \"Version\": \"2012-10-17\",\n  \"Statement\": [\n    {\n      \"Sid\": \"\",\n      \"Effect\": \"Allow\",\n      \"Action\": [\n        \"logs:PutLogEvents\",\n        \"logs:CreateLogStream\",\n        \"logs:CreateLogGroup\"\n      ],\n      \"Resource\": \"*\"\n    },\n    {\n      \"Sid\": \"\",\n      \"Effect\": \"Allow\",\n      \"Action\": [\n        \"s3:PutObject\",\n        \"s3:ListObjects\",\n        \"s3:ListBucket\",\n        \"s3:GetObject\"\n      ],\n      \"Resource\": [\n        \"arn:aws:s3:::klier-blog-pipeline-artifacts/*\",\n        \"arn:aws:s3:::klier-blog-pipeline-artifacts\"\n      ]\n    },\n    {\n      \"Sid\": \"\",\n      \"Effect\": \"Allow\",\n      \"Action\": \"codestar-connections:UseConnection\",\n      \"Resource\": \"arn:aws:codestar-connections:eu-central-1:127737961225:connection/f067656c-a8da-4f07-a589-1ad474c4b9ea\"\n    },\n    {\n      \"Sid\": \"\",\n      \"Effect\": \"Allow\",\n      \"Action\": \"codebuild:CreateReportGroup\",\n      \"Resource\": \"arn:aws:codebuild:eu-central-1:127737961225:report-group/klier-blog-pipeline-unit-test-coverage\"\n    }\n  ]\n}",
            "role": "klier-blog-pipeline-unit-test"
          },
          "sensitive_attributes": [],
          "private": "bnVsbA==",
          "dependencies": [
            "module.cicd.aws_iam_role.unit_test_service_role",
            "module.cicd.data.aws_iam_policy_document.codebuild_unit_test_role_policy",
            "module.cicd.data.aws_iam_policy_document.unit_test_service_assume_role_policy"
          ]
        }
      ]
    },
    {
      "module": "module.cicd",
      "mode": "managed",
      "type": "aws_iam_role_policy",
      "name": "pipeline",
      "provider": "provider[\"registry.terraform.io/hashicorp/aws\"]",
      "instances": [
        {
          "schema_version": 0,
          "attributes": {
            "id": "AWSCodePipelineServiceRole-eu-central-1-klier-blog-pipeline:terraform-20221014102301693000000001",
            "name": "terraform-20221014102301693000000001",
            "name_prefix": null,
            "policy": "{\n  \"Version\": \"2012-10-17\",\n  \"Statement\": [\n    {\n      \"Sid\": \"\",\n      \"Effect\": \"Allow\",\n      \"Action\": \"codestar-connections:UseConnection\",\n      \"Resource\": \"arn:aws:codestar-connections:eu-central-1:127737961225:connection/f067656c-a8da-4f07-a589-1ad474c4b9ea\"\n    },\n    {\n      \"Sid\": \"\",\n      \"Effect\": \"Allow\",\n      \"Action\": [\n        \"codebuild:StartBuild\",\n        \"codebuild:BatchGetBuilds\"\n      ],\n      \"Resource\": [\n        \"arn:aws:codebuild:eu-central-1:127737961225:project/klier-blog-pipeline-unit-test\",\n        \"arn:aws:codebuild:eu-central-1:127737961225:project/klier-blog-pipeline-lint\",\n        \"arn:aws:codebuild:eu-central-1:127737961225:project/klier-blog-pipeline-deploy-test\",\n        \"arn:aws:codebuild:eu-central-1:127737961225:project/klier-blog-pipeline-deploy-prod\",\n        \"arn:aws:codebuild:eu-central-1:127737961225:project/klier-blog-pipeline-build\"\n      ]\n    },\n    {\n      \"Sid\": \"\",\n      \"Effect\": \"Allow\",\n      \"Action\": \"s3:*\",\n      \"Resource\": [\n        \"arn:aws:s3:::klier-blog-pipeline-artifacts/*\",\n        \"arn:aws:s3:::klier-blog-pipeline-artifacts\"\n      ]\n    }\n  ]\n}",
            "role": "AWSCodePipelineServiceRole-eu-central-1-klier-blog-pipeline"
          },
          "sensitive_attributes": [],
          "private": "bnVsbA==",
          "dependencies": [
            "module.cicd.aws_iam_role.pipeline",
            "module.cicd.data.aws_iam_policy_document.codepipeline_policy",
            "module.cicd.data.aws_iam_policy_document.pipeline"
          ]
        }
      ]
    },
    {
      "module": "module.cicd",
      "mode": "managed",
      "type": "aws_s3_bucket",
      "name": "pipeline_bucket",
      "provider": "provider[\"registry.terraform.io/hashicorp/aws\"]",
      "instances": [
        {
          "schema_version": 0,
          "attributes": {
            "acceleration_status": "",
            "acl": null,
            "arn": "arn:aws:s3:::klier-blog-pipeline-artifacts",
            "bucket": "klier-blog-pipeline-artifacts",
            "bucket_domain_name": "klier-blog-pipeline-artifacts.s3.amazonaws.com",
            "bucket_prefix": null,
            "bucket_regional_domain_name": "klier-blog-pipeline-artifacts.s3.eu-central-1.amazonaws.com",
            "cors_rule": [],
            "force_destroy": false,
            "grant": [
              {
                "id": "e914b7c6b3652b7e381f48efc4265ebe485042db8d5f5c01e8921ae235274e6e",
                "permissions": [
                  "FULL_CONTROL"
                ],
                "type": "CanonicalUser",
                "uri": ""
              }
            ],
            "hosted_zone_id": "Z21DNDUVLTQW6Q",
            "id": "klier-blog-pipeline-artifacts",
            "lifecycle_rule": [],
            "logging": [],
            "object_lock_configuration": [],
            "object_lock_enabled": false,
            "policy": "",
            "region": "eu-central-1",
            "replication_configuration": [],
            "request_payer": "BucketOwner",
            "server_side_encryption_configuration": [],
            "tags": {},
            "tags_all": {
              "created_by": "Daniel Klier",
              "managed_by": "Terraform"
            },
            "timeouts": {
              "create": null,
              "delete": null,
              "read": null,
              "update": null
            },
            "versioning": [
              {
                "enabled": false,
                "mfa_delete": false
              }
            ],
            "website": [],
            "website_domain": null,
            "website_endpoint": null
          },
          "sensitive_attributes": [],
          "private": "eyJlMmJmYjczMC1lY2FhLTExZTYtOGY4OC0zNDM2M2JjN2M0YzAiOnsiY3JlYXRlIjoxMjAwMDAwMDAwMDAwLCJkZWxldGUiOjM2MDAwMDAwMDAwMDAsInJlYWQiOjEyMDAwMDAwMDAwMDAsInVwZGF0ZSI6MTIwMDAwMDAwMDAwMH19"
        }
      ]
    },
    {
      "module": "module.cicd",
      "mode": "managed",
      "type": "aws_s3_bucket_public_access_block",
      "name": "pipeline_bucket",
      "provider": "provider[\"registry.terraform.io/hashicorp/aws\"]",
      "instances": [
        {
          "schema_version": 0,
          "attributes": {
            "block_public_acls": true,
            "block_public_policy": true,
            "bucket": "klier-blog-pipeline-artifacts",
            "id": "klier-blog-pipeline-artifacts",
            "ignore_public_acls": true,
            "restrict_public_buckets": true
          },
          "sensitive_attributes": [],
          "private": "eyJzY2hlbWFfdmVyc2lvbiI6IjAifQ==",
          "dependencies": [
            "module.cicd.aws_s3_bucket.pipeline_bucket"
          ]
        }
      ]
    },
    {
      "module": "module.cloudfront_prod",
      "mode": "data",
      "type": "aws_s3_bucket",
      "name": "origin_bucket",
      "provider": "provider[\"registry.terraform.io/hashicorp/aws\"]",
      "instances": [
        {
          "schema_version": 0,
          "attributes": {
            "arn": "arn:aws:s3:::klier-blog-frontend-deployment",
            "bucket": "klier-blog-frontend-deployment",
            "bucket_domain_name": "klier-blog-frontend-deployment.s3.amazonaws.com",
            "bucket_regional_domain_name": "klier-blog-frontend-deployment.s3.eu-central-1.amazonaws.com",
            "hosted_zone_id": "Z21DNDUVLTQW6Q",
            "id": "klier-blog-frontend-deployment",
            "region": "eu-central-1",
            "website_domain": null,
            "website_endpoint": null
          },
          "sensitive_attributes": []
        }
      ]
    },
    {
      "module": "module.cloudfront_prod",
      "mode": "managed",
      "type": "aws_cloudfront_distribution",
      "name": "frontend",
      "provider": "provider[\"registry.terraform.io/hashicorp/aws\"]",
      "instances": [
        {
          "schema_version": 1,
          "attributes": {
            "aliases": [],
            "arn": "arn:aws:cloudfront::127737961225:distribution/E285W4UGPOZA2W",
            "caller_reference": "terraform-20221014082314680500000001",
            "comment": "prod - Klier Blog",
            "custom_error_response": [
              {
                "error_caching_min_ttl": 30,
                "error_code": 403,
                "response_code": 200,
                "response_page_path": "/index.html"
              },
              {
                "error_caching_min_ttl": 30,
                "error_code": 404,
                "response_code": 200,
                "response_page_path": "/index.html"
              }
            ],
            "default_cache_behavior": [
              {
                "allowed_methods": [
                  "GET",
                  "HEAD"
                ],
                "cache_policy_id": "",
                "cached_methods": [
                  "GET",
                  "HEAD"
                ],
                "compress": false,
                "default_ttl": 0,
                "field_level_encryption_id": "",
                "forwarded_values": [
                  {
                    "cookies": [
                      {
                        "forward": "none",
                        "whitelisted_names": []
                      }
                    ],
                    "headers": [],
                    "query_string": false,
                    "query_string_cache_keys": []
                  }
                ],
                "function_association": [],
                "lambda_function_association": [],
                "max_ttl": 0,
                "min_ttl": 0,
                "origin_request_policy_id": "",
                "realtime_log_config_arn": "",
                "response_headers_policy_id": "",
                "smooth_streaming": false,
                "target_origin_id": "klier-blog-frontend-deployment",
                "trusted_key_groups": [],
                "trusted_signers": [],
                "viewer_protocol_policy": "redirect-to-https"
              }
            ],
            "default_root_object": "/index.html",
            "domain_name": "d3c250yl6vvcz3.cloudfront.net",
            "enabled": true,
            "etag": "E1H9GPHH50PNAA",
            "hosted_zone_id": "Z2FDTNDATAQYW2",
            "http_version": "http2",
            "id": "E285W4UGPOZA2W",
            "in_progress_validation_batches": 0,
            "is_ipv6_enabled": false,
            "last_modified_time": "2022-10-14 08:28:42.428 +0000 UTC",
            "logging_config": [],
            "ordered_cache_behavior": [],
            "origin": [
              {
                "connection_attempts": 3,
                "connection_timeout": 10,
                "custom_header": [],
                "custom_origin_config": [],
                "domain_name": "klier-blog-frontend-deployment.s3.eu-central-1.amazonaws.com",
                "origin_access_control_id": "",
                "origin_id": "klier-blog-frontend-deployment",
                "origin_path": "/prod",
                "origin_shield": [],
                "s3_origin_config": [
                  {
                    "origin_access_identity": "origin-access-identity/cloudfront/EG4247S6M1WX6"
                  }
                ]
              }
            ],
            "origin_group": [],
            "price_class": "PriceClass_100",
            "restrictions": [
              {
                "geo_restriction": [
                  {
                    "locations": [],
                    "restriction_type": "none"
                  }
                ]
              }
            ],
            "retain_on_delete": false,
            "status": "Deployed",
            "tags": {},
            "tags_all": {
              "created_by": "Daniel Klier",
              "managed_by": "Terraform"
            },
            "trusted_key_groups": [
              {
                "enabled": false,
                "items": []
              }
            ],
            "trusted_signers": [
              {
                "enabled": false,
                "items": []
              }
            ],
            "viewer_certificate": [
              {
                "acm_certificate_arn": "",
                "cloudfront_default_certificate": true,
                "iam_certificate_id": "",
                "minimum_protocol_version": "TLSv1",
                "ssl_support_method": ""
              }
            ],
            "wait_for_deployment": true,
            "web_acl_id": ""
          },
          "sensitive_attributes": [],
          "private": "eyJzY2hlbWFfdmVyc2lvbiI6IjEifQ==",
          "dependencies": [
            "module.cloudfront_prod.aws_cloudfront_origin_access_identity.frontend",
            "module.cloudfront_prod.data.aws_s3_bucket.origin_bucket"
          ]
        }
      ]
    },
    {
      "module": "module.cloudfront_prod",
      "mode": "managed",
      "type": "aws_cloudfront_origin_access_identity",
      "name": "frontend",
      "provider": "provider[\"registry.terraform.io/hashicorp/aws\"]",
      "instances": [
        {
          "schema_version": 0,
          "attributes": {
            "caller_reference": "terraform-20221014080251796500000002",
            "cloudfront_access_identity_path": "origin-access-identity/cloudfront/EG4247S6M1WX6",
            "comment": "access-identity-klier-blog-frontend-deployment.s3.eu-central-1.amazonaws.com",
            "etag": "E25YJWRVKMMU98",
            "iam_arn": "arn:aws:iam::cloudfront:user/CloudFront Origin Access Identity EG4247S6M1WX6",
            "id": "EG4247S6M1WX6",
            "s3_canonical_user_id": "8155c05a16e5fd3e1cc0d3afcb4b96d43bcaa8e977f85e52cd3263ab27c2fda8d6ae1285b6ae7b70d72bdc8ffcca1edc"
          },
          "sensitive_attributes": [],
          "private": "bnVsbA==",
          "dependencies": [
            "module.cloudfront_prod.data.aws_s3_bucket.origin_bucket"
          ]
        }
      ]
    },
    {
      "module": "module.cloudfront_test",
      "mode": "data",
      "type": "aws_s3_bucket",
      "name": "origin_bucket",
      "provider": "provider[\"registry.terraform.io/hashicorp/aws\"]",
      "instances": [
        {
          "schema_version": 0,
          "attributes": {
            "arn": "arn:aws:s3:::klier-blog-frontend-deployment",
            "bucket": "klier-blog-frontend-deployment",
            "bucket_domain_name": "klier-blog-frontend-deployment.s3.amazonaws.com",
            "bucket_regional_domain_name": "klier-blog-frontend-deployment.s3.eu-central-1.amazonaws.com",
            "hosted_zone_id": "Z21DNDUVLTQW6Q",
            "id": "klier-blog-frontend-deployment",
            "region": "eu-central-1",
            "website_domain": null,
            "website_endpoint": null
          },
          "sensitive_attributes": []
        }
      ]
    },
    {
      "module": "module.cloudfront_test",
      "mode": "managed",
      "type": "aws_cloudfront_distribution",
      "name": "frontend",
      "provider": "provider[\"registry.terraform.io/hashicorp/aws\"]",
      "instances": [
        {
          "schema_version": 1,
          "attributes": {
            "aliases": [],
            "arn": "arn:aws:cloudfront::127737961225:distribution/E2ELVMNW4AXDVO",
            "caller_reference": "terraform-20221014082314681000000002",
            "comment": "test - Klier Blog",
            "custom_error_response": [
              {
                "error_caching_min_ttl": 30,
                "error_code": 403,
                "response_code": 200,
                "response_page_path": "/index.html"
              },
              {
                "error_caching_min_ttl": 30,
                "error_code": 404,
                "response_code": 200,
                "response_page_path": "/index.html"
              }
            ],
            "default_cache_behavior": [
              {
                "allowed_methods": [
                  "GET",
                  "HEAD"
                ],
                "cache_policy_id": "",
                "cached_methods": [
                  "GET",
                  "HEAD"
                ],
                "compress": false,
                "default_ttl": 0,
                "field_level_encryption_id": "",
                "forwarded_values": [
                  {
                    "cookies": [
                      {
                        "forward": "none",
                        "whitelisted_names": []
                      }
                    ],
                    "headers": [],
                    "query_string": false,
                    "query_string_cache_keys": []
                  }
                ],
                "function_association": [],
                "lambda_function_association": [],
                "max_ttl": 0,
                "min_ttl": 0,
                "origin_request_policy_id": "",
                "realtime_log_config_arn": "",
                "response_headers_policy_id": "",
                "smooth_streaming": false,
                "target_origin_id": "klier-blog-frontend-deployment",
                "trusted_key_groups": [],
                "trusted_signers": [],
                "viewer_protocol_policy": "redirect-to-https"
              }
            ],
            "default_root_object": "/index.html",
            "domain_name": "d1psfexi9w3knu.cloudfront.net",
            "enabled": true,
            "etag": "EJXT7L10L64KJ",
            "hosted_zone_id": "Z2FDTNDATAQYW2",
            "http_version": "http2",
            "id": "E2ELVMNW4AXDVO",
            "in_progress_validation_batches": 0,
            "is_ipv6_enabled": false,
            "last_modified_time": "2022-10-14 08:28:42.3 +0000 UTC",
            "logging_config": [],
            "ordered_cache_behavior": [],
            "origin": [
              {
                "connection_attempts": 3,
                "connection_timeout": 10,
                "custom_header": [],
                "custom_origin_config": [],
                "domain_name": "klier-blog-frontend-deployment.s3.eu-central-1.amazonaws.com",
                "origin_access_control_id": "",
                "origin_id": "klier-blog-frontend-deployment",
                "origin_path": "/test",
                "origin_shield": [],
                "s3_origin_config": [
                  {
                    "origin_access_identity": "origin-access-identity/cloudfront/EVRTIJP4RVT6Q"
                  }
                ]
              }
            ],
            "origin_group": [],
            "price_class": "PriceClass_100",
            "restrictions": [
              {
                "geo_restriction": [
                  {
                    "locations": [],
                    "restriction_type": "none"
                  }
                ]
              }
            ],
            "retain_on_delete": false,
            "status": "Deployed",
            "tags": {},
            "tags_all": {
              "created_by": "Daniel Klier",
              "managed_by": "Terraform"
            },
            "trusted_key_groups": [
              {
                "enabled": false,
                "items": []
              }
            ],
            "trusted_signers": [
              {
                "enabled": false,
                "items": []
              }
            ],
            "viewer_certificate": [
              {
                "acm_certificate_arn": "",
                "cloudfront_default_certificate": true,
                "iam_certificate_id": "",
                "minimum_protocol_version": "TLSv1",
                "ssl_support_method": ""
              }
            ],
            "wait_for_deployment": true,
            "web_acl_id": ""
          },
          "sensitive_attributes": [],
          "private": "eyJzY2hlbWFfdmVyc2lvbiI6IjEifQ==",
          "dependencies": [
            "module.cloudfront_test.aws_cloudfront_origin_access_identity.frontend",
            "module.cloudfront_test.data.aws_s3_bucket.origin_bucket"
          ]
        }
      ]
    },
    {
      "module": "module.cloudfront_test",
      "mode": "managed",
      "type": "aws_cloudfront_origin_access_identity",
      "name": "frontend",
      "provider": "provider[\"registry.terraform.io/hashicorp/aws\"]",
      "instances": [
        {
          "schema_version": 0,
          "attributes": {
            "caller_reference": "terraform-20221014080251796400000001",
            "cloudfront_access_identity_path": "origin-access-identity/cloudfront/EVRTIJP4RVT6Q",
            "comment": "access-identity-klier-blog-frontend-deployment.s3.eu-central-1.amazonaws.com",
            "etag": "EL2YA2V829GMD",
            "iam_arn": "arn:aws:iam::cloudfront:user/CloudFront Origin Access Identity EVRTIJP4RVT6Q",
            "id": "EVRTIJP4RVT6Q",
            "s3_canonical_user_id": "fa231295127839e91f8d174c333257277625a7f27a5b0bce94bf64e09c25d5f62cedba2de36953f09cbd06df16d4df08"
          },
          "sensitive_attributes": [],
          "private": "bnVsbA==",
          "dependencies": [
            "module.cloudfront_test.data.aws_s3_bucket.origin_bucket"
          ]
        }
      ]
    }
  ],
  "check_results": []
}
